// !$*UTF8*$!
{
	archiveVersion = 1;
	classes = {
	};
	objectVersion = 46;
	objects = {

/* Begin PBXBuildFile section */
		0207DA581B56EA530066E2B4 /* Images.xcassets in Resources */ = {isa = PBXBuildFile; fileRef = 0207DA571B56EA530066E2B4 /* Images.xcassets */; };
		0368285044D74A4F92CEC2A5 /* FirebaseInstanceID.framework in Frameworks */ = {isa = PBXBuildFile; fileRef = 4724AA9BE0F646D9AEB45EE1 /* FirebaseInstanceID.framework */; };
		0794D411CAF54C6E8FF6A4AC /* GoogleSymbolUtilities.framework in Frameworks */ = {isa = PBXBuildFile; fileRef = 1298383645D1489B9B201397 /* GoogleSymbolUtilities.framework */; };
		083DFD08D043495AAB53736E /* GCDWebServerErrorResponse.m in Sources */ = {isa = PBXBuildFile; fileRef = 073F2E2D683747DDAB22C71F /* GCDWebServerErrorResponse.m */; };
		0B759B3E06E04DCA8DC3B9E5 /* GCDWebServerRequest.m in Sources */ = {isa = PBXBuildFile; fileRef = 498F4EFE6B3440139655FFB1 /* GCDWebServerRequest.m */; };
		0D3E070157AD416DAA390EA0 /* CDVFileTransfer.m in Sources */ = {isa = PBXBuildFile; fileRef = 938A27C4A7784CD58E757918 /* CDVFileTransfer.m */; };
		163FA39D1FB44F13BAAC8D7A /* libz.tbd in Frameworks */ = {isa = PBXBuildFile; fileRef = BA1C9A2DEDF943AE825C177E /* libz.tbd */; };
		16EF6A311F8643EF95F3B9B6 /* AFURLResponseSerialization.m in Sources */ = {isa = PBXBuildFile; fileRef = 4F5A2C9DC4EF439BBE3FEF9B /* AFURLResponseSerialization.m */; };
		1D3623260D0F684500981E51 /* AppDelegate.m in Sources */ = {isa = PBXBuildFile; fileRef = 1D3623250D0F684500981E51 /* AppDelegate.m */; };
		1D60589B0D05DD56006BFB54 /* main.m in Sources */ = {isa = PBXBuildFile; fileRef = 29B97316FDCFA39411CA2CEA /* main.m */; };
		1E5CA2EA6859415898E5A37B /* GCDWebServerFileResponse.m in Sources */ = {isa = PBXBuildFile; fileRef = B432B57C67DD429F9881C6C6 /* GCDWebServerFileResponse.m */; };
		20E7584059D64D2F89EA7A7D /* GCDWebServerDataResponse.m in Sources */ = {isa = PBXBuildFile; fileRef = 80BF689543DB4FA68BD48CA5 /* GCDWebServerDataResponse.m */; };
		27B5B8055F544489A5652AA9 /* AddressBook.framework in Frameworks */ = {isa = PBXBuildFile; fileRef = D90A570322A34E66A5A1CEF5 /* AddressBook.framework */; };
		2921CA17837F4D169FBE1028 /* AFHTTPSessionManager.m in Sources */ = {isa = PBXBuildFile; fileRef = 5F22D9CB415246EF9ADECD96 /* AFHTTPSessionManager.m */; };
		29E0E2B4F68E42AB92A36387 /* FirebaseMessaging.framework in Frameworks */ = {isa = PBXBuildFile; fileRef = 670CA127E90B4EF7851F274F /* FirebaseMessaging.framework */; };
		2E6F466C086E4318950AA535 /* AppDelegate+FCMPlugin.m in Sources */ = {isa = PBXBuildFile; fileRef = E29A15DDF92249F6A495FD4E /* AppDelegate+FCMPlugin.m */; };
		301BF552109A68D80062928A /* libCordova.a in Frameworks */ = {isa = PBXBuildFile; fileRef = 301BF535109A57CC0062928A /* libCordova.a */; };
		302D95F114D2391D003F00A1 /* MainViewController.m in Sources */ = {isa = PBXBuildFile; fileRef = 302D95EF14D2391D003F00A1 /* MainViewController.m */; };
		302D95F214D2391D003F00A1 /* MainViewController.xib in Resources */ = {isa = PBXBuildFile; fileRef = 302D95F014D2391D003F00A1 /* MainViewController.xib */; };
		31295579139C449C81A975E5 /* UNUserNotificationCenter+APPLocalNotification.m in Sources */ = {isa = PBXBuildFile; fileRef = 6D43D831DFE34B80B900E7AB /* UNUserNotificationCenter+APPLocalNotification.m */; };
		350E6803211A4FEF986946A6 /* SystemConfiguration.framework in Frameworks */ = {isa = PBXBuildFile; fileRef = B0F304209EE14C679E6B9B86 /* SystemConfiguration.framework */; };
		3956AB6AF3DE4F9080D18C99 /* WebKit.framework in Frameworks */ = {isa = PBXBuildFile; fileRef = 2564A69FEBC74E4E86449624 /* WebKit.framework */; settings = {ATTRIBUTES = (Weak, ); }; };
		4013972C5E564B698B6509B1 /* AFNetworkReachabilityManager.m in Sources */ = {isa = PBXBuildFile; fileRef = 7EC40E924E1C4223B689AC18 /* AFNetworkReachabilityManager.m */; };
		4B18CB752034D5850056E2A8 /* OneSignal.framework in Frameworks */ = {isa = PBXBuildFile; fileRef = 4B18CB742034D5840056E2A8 /* OneSignal.framework */; };
		4BD51C962034DF13002E61CF /* GoogleService-Info.plist in Resources */ = {isa = PBXBuildFile; fileRef = 4BD51C922034D7DB002E61CF /* GoogleService-Info.plist */; };
		527FB8D244504418AEB594CF /* CDVWKWebViewEngine.m in Sources */ = {isa = PBXBuildFile; fileRef = 25EE7BD9DA614185B261A6EB /* CDVWKWebViewEngine.m */; };
		528B024C81414E57A517DE01 /* GCDWebServerFunctions.m in Sources */ = {isa = PBXBuildFile; fileRef = 7743FBE43CBC43B4A839E35F /* GCDWebServerFunctions.m */; };
		57FC5AB03F2F42698DE22BF7 /* AFURLSessionManager.m in Sources */ = {isa = PBXBuildFile; fileRef = 6CC04C46AA21434D9BEFE817 /* AFURLSessionManager.m */; };
		5D11908443A74A31A3EC705A /* APPNotificationOptions.m in Sources */ = {isa = PBXBuildFile; fileRef = 4B0FD073161248BCAD70F041 /* APPNotificationOptions.m */; };
		5DE72BC8F824494B9F6BF74F /* FirebaseAnalytics.framework in Frameworks */ = {isa = PBXBuildFile; fileRef = 4303906037194713AE2C789B /* FirebaseAnalytics.framework */; };
		6AFF5BF91D6E424B00AB3073 /* CDVLaunchScreen.storyboard in Resources */ = {isa = PBXBuildFile; fileRef = 6AFF5BF81D6E424B00AB3073 /* CDVLaunchScreen.storyboard */; };
		6B3F2042CEA8472D92BFC27D /* libc++.tbd in Frameworks */ = {isa = PBXBuildFile; fileRef = 79FB6606FEFB4FA089E2E9F6 /* libc++.tbd */; };
		6BC33F088BCE4E989956F36C /* GCDWebServerDataRequest.m in Sources */ = {isa = PBXBuildFile; fileRef = 4C009E3C778E4FEBBDC9D54D /* GCDWebServerDataRequest.m */; };
		6E959115AB214A3F88F83BC0 /* CDVSplashScreen.m in Sources */ = {isa = PBXBuildFile; fileRef = ECB6C83BC38343F2BAB0B66F /* CDVSplashScreen.m */; };
		76D941A5283041F3AE4C71E4 /* CDVWKWebViewUIDelegate.m in Sources */ = {isa = PBXBuildFile; fileRef = 8891661B50F049DF9446ABEB /* CDVWKWebViewUIDelegate.m */; };
		7EA5D4075B9E4A99B4CAFCEC /* GCDWebServerConnection.m in Sources */ = {isa = PBXBuildFile; fileRef = F30F7ADA71464445BAC0E47D /* GCDWebServerConnection.m */; };
		7EB0A90E60DD4701871B4066 /* FCMPlugin.m in Sources */ = {isa = PBXBuildFile; fileRef = F8D6F55C5F794B4CB831C90C /* FCMPlugin.m */; };
		8021AE1753C04BED9171EE1F /* APPBadge.m in Sources */ = {isa = PBXBuildFile; fileRef = 3CAC417A19FA4325B8994F74 /* APPBadge.m */; };
		8303FBC9554D49E8BC12C334 /* APPLocalNotification.m in Sources */ = {isa = PBXBuildFile; fileRef = F95FFFA1D0364E16A956FDBA /* APPLocalNotification.m */; };
		8C0C5550F45647FF8607D540 /* TextResponseSerializer.m in Sources */ = {isa = PBXBuildFile; fileRef = 2CEA0BB0156F44379A006904 /* TextResponseSerializer.m */; };
		9003AB00976045F7A7C657F2 /* AFURLRequestSerialization.m in Sources */ = {isa = PBXBuildFile; fileRef = 37464F9C07C0424B9610035E /* AFURLRequestSerialization.m */; };
		94394B6D5B944918BBA32593 /* GCDWebServerMultiPartFormRequest.m in Sources */ = {isa = PBXBuildFile; fileRef = 08E51483571F46C6961D51D9 /* GCDWebServerMultiPartFormRequest.m */; };
		94774511C3394D48A5DB6F37 /* Security.framework in Frameworks */ = {isa = PBXBuildFile; fileRef = 990F0EBD48B24546AE16720D /* Security.framework */; };
		9C3462557EC847BD86218313 /* GCDWebServerFileRequest.m in Sources */ = {isa = PBXBuildFile; fileRef = 00A4F83C6401486A91F1715F /* GCDWebServerFileRequest.m */; };
		9C91CB409E4342F1A42A240E /* UNNotificationRequest+APPLocalNotification.m in Sources */ = {isa = PBXBuildFile; fileRef = 8220B469482349B697A3B270 /* UNNotificationRequest+APPLocalNotification.m */; };
		9CD6400AC85B4608B521E7CB /* libsqlite3.0.tbd in Frameworks */ = {isa = PBXBuildFile; fileRef = 5A34972BEFD94F5990E94E06 /* libsqlite3.0.tbd */; };
		A35B9B9FF7FE4E6C80F904EE /* CDVViewController+SplashScreen.m in Sources */ = {isa = PBXBuildFile; fileRef = 0B8C9E27F2C842429915923F /* CDVViewController+SplashScreen.m */; };
		A440B6729E7A45E584C3DA04 /* CDVAssetLibraryFilesystem.m in Sources */ = {isa = PBXBuildFile; fileRef = 5EE8FBB6D4624A5B809F85EA /* CDVAssetLibraryFilesystem.m */; };
		A4E543C48892415F8E0B14CF /* UserNotifications.framework in Frameworks */ = {isa = PBXBuildFile; fileRef = AC8F63BDD5824048983FCE73 /* UserNotifications.framework */; };
		A84835CA37CF4581896AE671 /* CDVLocalFilesystem.m in Sources */ = {isa = PBXBuildFile; fileRef = D90B127636704773BB02A86F /* CDVLocalFilesystem.m */; };
		ADDA749DB5024D27A09373DA /* GoogleInterchangeUtilities.framework in Frameworks */ = {isa = PBXBuildFile; fileRef = A1769688B28F43BAA92EC4A7 /* GoogleInterchangeUtilities.framework */; };
		AE8ABE3FEAA14A3FB98846FE /* CoreLocation.framework in Frameworks */ = {isa = PBXBuildFile; fileRef = DFF71621E7444C2681C701AB /* CoreLocation.framework */; };
		B899C9548C17414E97C89EBF /* GoogleIPhoneUtilities.framework in Frameworks */ = {isa = PBXBuildFile; fileRef = BB00901B2DC34F8A9686385E /* GoogleIPhoneUtilities.framework */; };
		BACD6F601FE542878DE40D4C /* CDVWKProcessPoolFactory.m in Sources */ = {isa = PBXBuildFile; fileRef = 39730A6671B84518A0FF0AA1 /* CDVWKProcessPoolFactory.m */; };
		BC3F82324B3C403AA8BCB5D0 /* APPNotificationContent.m in Sources */ = {isa = PBXBuildFile; fileRef = 63C644D7100D44EB806CDB78 /* APPNotificationContent.m */; };
		C4640C7185D5468EB5E5610A /* GCDWebServerResponse.m in Sources */ = {isa = PBXBuildFile; fileRef = 390B13FC340E4B9FBD497896 /* GCDWebServerResponse.m */; };
		D1F33897BDA94312B42169BA /* GoogleUtilities.framework in Frameworks */ = {isa = PBXBuildFile; fileRef = DB26C14BC72F4EF58F3629C9 /* GoogleUtilities.framework */; };
		D459177E9BC44EF99509C545 /* FirebaseCore.framework in Frameworks */ = {isa = PBXBuildFile; fileRef = 0869F7144488496089551557 /* FirebaseCore.framework */; };
		DAEF4342C1AF463B887D9338 /* CDVFile.m in Sources */ = {isa = PBXBuildFile; fileRef = 5A7D77A8C5A642F9B6A1C1AB /* CDVFile.m */; };
		DB31F3FC6D1146C18DAB852F /* GCDWebServerURLEncodedFormRequest.m in Sources */ = {isa = PBXBuildFile; fileRef = 6C5A000373D04A18866A9981 /* GCDWebServerURLEncodedFormRequest.m */; };
		EA4F26B2B15F4ED894F78376 /* CordovaHttpPlugin.m in Sources */ = {isa = PBXBuildFile; fileRef = FEAA897594514F1AB99D7795 /* CordovaHttpPlugin.m */; };
		EE60321F73B04B5EAC33372B /* CDVDevice.m in Sources */ = {isa = PBXBuildFile; fileRef = 65C6E38124C841A09567253D /* CDVDevice.m */; };
		F2918BAE04CE46A4A528F2EA /* AFSecurityPolicy.m in Sources */ = {isa = PBXBuildFile; fileRef = A67A1583E3A84C9AB82429B1 /* AFSecurityPolicy.m */; };
		F3C33AB801834B9C87FC11B2 /* GCDWebServerStreamedResponse.m in Sources */ = {isa = PBXBuildFile; fileRef = 6093BCDF5EF143809CBD94F3 /* GCDWebServerStreamedResponse.m */; };
		F65C9A2B39A941B096C0D97C /* IonicKeyboard.m in Sources */ = {isa = PBXBuildFile; fileRef = 4AF9ADDF5BA845F88A431248 /* IonicKeyboard.m */; };
		F6DCB1CCA5614F34A5D3B074 /* GCDWebServer.m in Sources */ = {isa = PBXBuildFile; fileRef = 6E09342E2FA74CBC85DAED25 /* GCDWebServer.m */; };
		FA56C68CB81747859E78F74E /* OneSignalPush.m in Sources */ = {isa = PBXBuildFile; fileRef = BB520D14CC0F43508BCAAE86 /* OneSignalPush.m */; };
/* End PBXBuildFile section */

/* Begin PBXContainerItemProxy section */
		301BF534109A57CC0062928A /* PBXContainerItemProxy */ = {
			isa = PBXContainerItemProxy;
			containerPortal = 301BF52D109A57CC0062928A /* CordovaLib/CordovaLib.xcodeproj */;
			proxyType = 2;
			remoteGlobalIDString = D2AAC07E0554694100DB518D;
			remoteInfo = CordovaLib;
		};
		301BF550109A68C00062928A /* PBXContainerItemProxy */ = {
			isa = PBXContainerItemProxy;
			containerPortal = 301BF52D109A57CC0062928A /* CordovaLib/CordovaLib.xcodeproj */;
			proxyType = 1;
			remoteGlobalIDString = D2AAC07D0554694100DB518D;
			remoteInfo = CordovaLib;
		};
		4B18CB722034D4270056E2A8 /* PBXContainerItemProxy */ = {
			isa = PBXContainerItemProxy;
			containerPortal = 301BF52D109A57CC0062928A /* CordovaLib/CordovaLib.xcodeproj */;
			proxyType = 2;
			remoteGlobalIDString = C0C01EB21E3911D50056E6CB;
			remoteInfo = Cordova;
		};
/* End PBXContainerItemProxy section */

/* Begin PBXFileReference section */
		00A4F83C6401486A91F1715F /* GCDWebServerFileRequest.m */ = {isa = PBXFileReference; explicitFileType = undefined; fileEncoding = 4; includeInIndex = 0; lastKnownFileType = sourcecode.c.objc; name = GCDWebServerFileRequest.m; path = "cordova-plugin-ionic-webview/GCDWebServerFileRequest.m"; sourceTree = "<group>"; };
		0207DA571B56EA530066E2B4 /* Images.xcassets */ = {isa = PBXFileReference; lastKnownFileType = folder.assetcatalog; name = Images.xcassets; path = CFM/Images.xcassets; sourceTree = SOURCE_ROOT; };
		073F2E2D683747DDAB22C71F /* GCDWebServerErrorResponse.m */ = {isa = PBXFileReference; explicitFileType = undefined; fileEncoding = 4; includeInIndex = 0; lastKnownFileType = sourcecode.c.objc; name = GCDWebServerErrorResponse.m; path = "cordova-plugin-ionic-webview/GCDWebServerErrorResponse.m"; sourceTree = "<group>"; };
		0869F7144488496089551557 /* FirebaseCore.framework */ = {isa = PBXFileReference; explicitFileType = undefined; fileEncoding = 9; includeInIndex = 0; lastKnownFileType = wrapper.framework; name = FirebaseCore.framework; path = "CFM/Plugins/cordova-plugin-fcm/FirebaseCore.framework"; sourceTree = "<group>"; };
		08E51483571F46C6961D51D9 /* GCDWebServerMultiPartFormRequest.m */ = {isa = PBXFileReference; explicitFileType = undefined; fileEncoding = 4; includeInIndex = 0; lastKnownFileType = sourcecode.c.objc; name = GCDWebServerMultiPartFormRequest.m; path = "cordova-plugin-ionic-webview/GCDWebServerMultiPartFormRequest.m"; sourceTree = "<group>"; };
		0B1916D0EFCA40A4A351748A /* AFSecurityPolicy.h */ = {isa = PBXFileReference; explicitFileType = undefined; fileEncoding = 4; includeInIndex = 0; lastKnownFileType = sourcecode.c.h; name = AFSecurityPolicy.h; path = "cordova-plugin-advanced-http/AFSecurityPolicy.h"; sourceTree = "<group>"; };
		0B8C9E27F2C842429915923F /* CDVViewController+SplashScreen.m */ = {isa = PBXFileReference; explicitFileType = undefined; fileEncoding = 4; includeInIndex = 0; lastKnownFileType = sourcecode.c.objc; name = "CDVViewController+SplashScreen.m"; path = "cordova-plugin-splashscreen/CDVViewController+SplashScreen.m"; sourceTree = "<group>"; };
		0C6713A5B09D4FA1A9AA4228 /* CDVSplashScreen.h */ = {isa = PBXFileReference; explicitFileType = undefined; fileEncoding = 4; includeInIndex = 0; lastKnownFileType = sourcecode.c.h; name = CDVSplashScreen.h; path = "cordova-plugin-splashscreen/CDVSplashScreen.h"; sourceTree = "<group>"; };
		0F4BD4722C6C4DC4B2FD13E3 /* APPLocalNotification.h */ = {isa = PBXFileReference; explicitFileType = undefined; fileEncoding = 4; includeInIndex = 0; lastKnownFileType = sourcecode.c.h; name = APPLocalNotification.h; path = "cordova-plugin-local-notification/APPLocalNotification.h"; sourceTree = "<group>"; };
		1298383645D1489B9B201397 /* GoogleSymbolUtilities.framework */ = {isa = PBXFileReference; explicitFileType = undefined; fileEncoding = 9; includeInIndex = 0; lastKnownFileType = wrapper.framework; name = GoogleSymbolUtilities.framework; path = "CFM/Plugins/cordova-plugin-fcm/GoogleSymbolUtilities.framework"; sourceTree = "<group>"; };
		16923623CA614E51AD22A252 /* IonicKeyboard.h */ = {isa = PBXFileReference; explicitFileType = undefined; fileEncoding = 4; includeInIndex = 0; lastKnownFileType = sourcecode.c.h; name = IonicKeyboard.h; path = "ionic-plugin-keyboard/IonicKeyboard.h"; sourceTree = "<group>"; };
		1A366339DDF246E88D8F0196 /* GCDWebServerResponse.h */ = {isa = PBXFileReference; explicitFileType = undefined; fileEncoding = 4; includeInIndex = 0; lastKnownFileType = sourcecode.c.h; name = GCDWebServerResponse.h; path = "cordova-plugin-ionic-webview/GCDWebServerResponse.h"; sourceTree = "<group>"; };
		1D3623240D0F684500981E51 /* AppDelegate.h */ = {isa = PBXFileReference; fileEncoding = 4; lastKnownFileType = sourcecode.c.h; path = AppDelegate.h; sourceTree = "<group>"; };
		1D3623250D0F684500981E51 /* AppDelegate.m */ = {isa = PBXFileReference; fileEncoding = 4; lastKnownFileType = sourcecode.c.objc; path = AppDelegate.m; sourceTree = "<group>"; };
		1D6058910D05DD3D006BFB54 /* CFM.app */ = {isa = PBXFileReference; explicitFileType = wrapper.application; includeInIndex = 0; path = CFM.app; sourceTree = BUILT_PRODUCTS_DIR; };
		22428B311B794301AF00132E /* CDVWKWebViewEngine.h */ = {isa = PBXFileReference; explicitFileType = undefined; fileEncoding = 4; includeInIndex = 0; lastKnownFileType = sourcecode.c.h; name = CDVWKWebViewEngine.h; path = "cordova-plugin-ionic-webview/CDVWKWebViewEngine.h"; sourceTree = "<group>"; };
		23B7345CBDB4464081BEFBDC /* AFHTTPSessionManager.h */ = {isa = PBXFileReference; explicitFileType = undefined; fileEncoding = 4; includeInIndex = 0; lastKnownFileType = sourcecode.c.h; name = AFHTTPSessionManager.h; path = "cordova-plugin-advanced-http/AFHTTPSessionManager.h"; sourceTree = "<group>"; };
		2564A69FEBC74E4E86449624 /* WebKit.framework */ = {isa = PBXFileReference; explicitFileType = undefined; fileEncoding = 9; includeInIndex = 0; lastKnownFileType = wrapper.framework; name = WebKit.framework; path = System/Library/Frameworks/WebKit.framework; sourceTree = SDKROOT; };
		25EE7BD9DA614185B261A6EB /* CDVWKWebViewEngine.m */ = {isa = PBXFileReference; explicitFileType = undefined; fileEncoding = 4; includeInIndex = 0; lastKnownFileType = sourcecode.c.objc; name = CDVWKWebViewEngine.m; path = "cordova-plugin-ionic-webview/CDVWKWebViewEngine.m"; sourceTree = "<group>"; };
		2719446C6EFE45D28DC10A71 /* GCDWebServerFunctions.h */ = {isa = PBXFileReference; explicitFileType = undefined; fileEncoding = 4; includeInIndex = 0; lastKnownFileType = sourcecode.c.h; name = GCDWebServerFunctions.h; path = "cordova-plugin-ionic-webview/GCDWebServerFunctions.h"; sourceTree = "<group>"; };
		29B97316FDCFA39411CA2CEA /* main.m */ = {isa = PBXFileReference; fileEncoding = 4; lastKnownFileType = sourcecode.c.objc; path = main.m; sourceTree = "<group>"; };
		2CEA0BB0156F44379A006904 /* TextResponseSerializer.m */ = {isa = PBXFileReference; explicitFileType = undefined; fileEncoding = 4; includeInIndex = 0; lastKnownFileType = sourcecode.c.objc; name = TextResponseSerializer.m; path = "cordova-plugin-advanced-http/TextResponseSerializer.m"; sourceTree = "<group>"; };
		2E5B25741130430798761526 /* TextResponseSerializer.h */ = {isa = PBXFileReference; explicitFileType = undefined; fileEncoding = 4; includeInIndex = 0; lastKnownFileType = sourcecode.c.h; name = TextResponseSerializer.h; path = "cordova-plugin-advanced-http/TextResponseSerializer.h"; sourceTree = "<group>"; };
		301BF52D109A57CC0062928A /* CordovaLib/CordovaLib.xcodeproj */ = {isa = PBXFileReference; lastKnownFileType = "wrapper.pb-project"; path = CordovaLib/CordovaLib.xcodeproj; sourceTree = "<group>"; };
		301BF56E109A69640062928A /* www */ = {isa = PBXFileReference; lastKnownFileType = folder; path = www; sourceTree = SOURCE_ROOT; };
		302D95EE14D2391D003F00A1 /* MainViewController.h */ = {isa = PBXFileReference; fileEncoding = 4; lastKnownFileType = sourcecode.c.h; path = MainViewController.h; sourceTree = "<group>"; };
		302D95EF14D2391D003F00A1 /* MainViewController.m */ = {isa = PBXFileReference; fileEncoding = 4; lastKnownFileType = sourcecode.c.objc; path = MainViewController.m; sourceTree = "<group>"; };
		302D95F014D2391D003F00A1 /* MainViewController.xib */ = {isa = PBXFileReference; fileEncoding = 4; lastKnownFileType = file.xib; path = MainViewController.xib; sourceTree = "<group>"; };
		3047A50F1AB8059700498E2A /* build-debug.xcconfig */ = {isa = PBXFileReference; fileEncoding = 4; lastKnownFileType = text.xcconfig; name = "build-debug.xcconfig"; path = "cordova/build-debug.xcconfig"; sourceTree = SOURCE_ROOT; };
		3047A5101AB8059700498E2A /* build-release.xcconfig */ = {isa = PBXFileReference; fileEncoding = 4; lastKnownFileType = text.xcconfig; name = "build-release.xcconfig"; path = "cordova/build-release.xcconfig"; sourceTree = SOURCE_ROOT; };
		3047A5111AB8059700498E2A /* build.xcconfig */ = {isa = PBXFileReference; fileEncoding = 4; lastKnownFileType = text.xcconfig; name = build.xcconfig; path = cordova/build.xcconfig; sourceTree = SOURCE_ROOT; };
		32CA4F630368D1EE00C91783 /* CFM-Prefix.pch */ = {isa = PBXFileReference; fileEncoding = 4; lastKnownFileType = sourcecode.c.h; path = "CFM-Prefix.pch"; sourceTree = "<group>"; };
		33709462132145A6A32957FB /* GCDWebServerPrivate.h */ = {isa = PBXFileReference; explicitFileType = undefined; fileEncoding = 4; includeInIndex = 0; lastKnownFileType = sourcecode.c.h; name = GCDWebServerPrivate.h; path = "cordova-plugin-ionic-webview/GCDWebServerPrivate.h"; sourceTree = "<group>"; };
		37464F9C07C0424B9610035E /* AFURLRequestSerialization.m */ = {isa = PBXFileReference; explicitFileType = undefined; fileEncoding = 4; includeInIndex = 0; lastKnownFileType = sourcecode.c.objc; name = AFURLRequestSerialization.m; path = "cordova-plugin-advanced-http/AFURLRequestSerialization.m"; sourceTree = "<group>"; };
		377D827979164267AA12FF66 /* AFNetworkReachabilityManager.h */ = {isa = PBXFileReference; explicitFileType = undefined; fileEncoding = 4; includeInIndex = 0; lastKnownFileType = sourcecode.c.h; name = AFNetworkReachabilityManager.h; path = "cordova-plugin-advanced-http/AFNetworkReachabilityManager.h"; sourceTree = "<group>"; };
		390B13FC340E4B9FBD497896 /* GCDWebServerResponse.m */ = {isa = PBXFileReference; explicitFileType = undefined; fileEncoding = 4; includeInIndex = 0; lastKnownFileType = sourcecode.c.objc; name = GCDWebServerResponse.m; path = "cordova-plugin-ionic-webview/GCDWebServerResponse.m"; sourceTree = "<group>"; };
		39730A6671B84518A0FF0AA1 /* CDVWKProcessPoolFactory.m */ = {isa = PBXFileReference; explicitFileType = undefined; fileEncoding = 4; includeInIndex = 0; lastKnownFileType = sourcecode.c.objc; name = CDVWKProcessPoolFactory.m; path = "cordova-plugin-ionic-webview/CDVWKProcessPoolFactory.m"; sourceTree = "<group>"; };
		3BA6623BA4D64122B18DF69D /* GCDWebServerDataRequest.h */ = {isa = PBXFileReference; explicitFileType = undefined; fileEncoding = 4; includeInIndex = 0; lastKnownFileType = sourcecode.c.h; name = GCDWebServerDataRequest.h; path = "cordova-plugin-ionic-webview/GCDWebServerDataRequest.h"; sourceTree = "<group>"; };
		3CAC417A19FA4325B8994F74 /* APPBadge.m */ = {isa = PBXFileReference; explicitFileType = undefined; fileEncoding = 4; includeInIndex = 0; lastKnownFileType = sourcecode.c.objc; name = APPBadge.m; path = "cordova-plugin-badge/APPBadge.m"; sourceTree = "<group>"; };
		3CBACF4835C9479BB39F1B26 /* GCDWebServerFileResponse.h */ = {isa = PBXFileReference; explicitFileType = undefined; fileEncoding = 4; includeInIndex = 0; lastKnownFileType = sourcecode.c.h; name = GCDWebServerFileResponse.h; path = "cordova-plugin-ionic-webview/GCDWebServerFileResponse.h"; sourceTree = "<group>"; };
		3F13C66A60FB4F9985D8A612 /* CordovaHttpPlugin.h */ = {isa = PBXFileReference; explicitFileType = undefined; fileEncoding = 4; includeInIndex = 0; lastKnownFileType = sourcecode.c.h; name = CordovaHttpPlugin.h; path = "cordova-plugin-advanced-http/CordovaHttpPlugin.h"; sourceTree = "<group>"; };
		41ADA82D6BD6452AA9753627 /* UNNotificationRequest+APPLocalNotification.h */ = {isa = PBXFileReference; explicitFileType = undefined; fileEncoding = 4; includeInIndex = 0; lastKnownFileType = sourcecode.c.h; name = "UNNotificationRequest+APPLocalNotification.h"; path = "cordova-plugin-local-notification/UNNotificationRequest+APPLocalNotification.h"; sourceTree = "<group>"; };
		4303906037194713AE2C789B /* FirebaseAnalytics.framework */ = {isa = PBXFileReference; explicitFileType = undefined; fileEncoding = 9; includeInIndex = 0; lastKnownFileType = wrapper.framework; name = FirebaseAnalytics.framework; path = "CFM/Plugins/cordova-plugin-fcm/FirebaseAnalytics.framework"; sourceTree = "<group>"; };
		4724AA9BE0F646D9AEB45EE1 /* FirebaseInstanceID.framework */ = {isa = PBXFileReference; explicitFileType = undefined; fileEncoding = 9; includeInIndex = 0; lastKnownFileType = wrapper.framework; name = FirebaseInstanceID.framework; path = "CFM/Plugins/cordova-plugin-fcm/FirebaseInstanceID.framework"; sourceTree = "<group>"; };
		498F4EFE6B3440139655FFB1 /* GCDWebServerRequest.m */ = {isa = PBXFileReference; explicitFileType = undefined; fileEncoding = 4; includeInIndex = 0; lastKnownFileType = sourcecode.c.objc; name = GCDWebServerRequest.m; path = "cordova-plugin-ionic-webview/GCDWebServerRequest.m"; sourceTree = "<group>"; };
		4AF9ADDF5BA845F88A431248 /* IonicKeyboard.m */ = {isa = PBXFileReference; explicitFileType = undefined; fileEncoding = 4; includeInIndex = 0; lastKnownFileType = sourcecode.c.objc; name = IonicKeyboard.m; path = "ionic-plugin-keyboard/IonicKeyboard.m"; sourceTree = "<group>"; };
		4B0FD073161248BCAD70F041 /* APPNotificationOptions.m */ = {isa = PBXFileReference; explicitFileType = undefined; fileEncoding = 4; includeInIndex = 0; lastKnownFileType = sourcecode.c.objc; name = APPNotificationOptions.m; path = "cordova-plugin-local-notification/APPNotificationOptions.m"; sourceTree = "<group>"; };
		4B18CB742034D5840056E2A8 /* OneSignal.framework */ = {isa = PBXFileReference; lastKnownFileType = wrapper.framework; name = OneSignal.framework; path = Pods/OneSignal/iOS_SDK/OneSignalSDK/Framework/OneSignal.framework; sourceTree = "<group>"; };
		4BD51C922034D7DB002E61CF /* GoogleService-Info.plist */ = {isa = PBXFileReference; fileEncoding = 4; lastKnownFileType = text.plist.xml; name = "GoogleService-Info.plist"; path = "../../GoogleService-Info.plist"; sourceTree = "<group>"; };
		4BD51C952034DB81002E61CF /* CFM.entitlements */ = {isa = PBXFileReference; lastKnownFileType = text.plist.entitlements; name = CFM.entitlements; path = CFM/CFM.entitlements; sourceTree = "<group>"; };
		4C009E3C778E4FEBBDC9D54D /* GCDWebServerDataRequest.m */ = {isa = PBXFileReference; explicitFileType = undefined; fileEncoding = 4; includeInIndex = 0; lastKnownFileType = sourcecode.c.objc; name = GCDWebServerDataRequest.m; path = "cordova-plugin-ionic-webview/GCDWebServerDataRequest.m"; sourceTree = "<group>"; };
		4CBF6607DD14441293352766 /* AFURLResponseSerialization.h */ = {isa = PBXFileReference; explicitFileType = undefined; fileEncoding = 4; includeInIndex = 0; lastKnownFileType = sourcecode.c.h; name = AFURLResponseSerialization.h; path = "cordova-plugin-advanced-http/AFURLResponseSerialization.h"; sourceTree = "<group>"; };
		4F5A2C9DC4EF439BBE3FEF9B /* AFURLResponseSerialization.m */ = {isa = PBXFileReference; explicitFileType = undefined; fileEncoding = 4; includeInIndex = 0; lastKnownFileType = sourcecode.c.objc; name = AFURLResponseSerialization.m; path = "cordova-plugin-advanced-http/AFURLResponseSerialization.m"; sourceTree = "<group>"; };
		53A4D05679314DFBA7E8EB19 /* CDVLocalFilesystem.h */ = {isa = PBXFileReference; explicitFileType = undefined; fileEncoding = 4; includeInIndex = 0; lastKnownFileType = sourcecode.c.h; name = CDVLocalFilesystem.h; path = "cordova-plugin-file/CDVLocalFilesystem.h"; sourceTree = "<group>"; };
		5686BAAEA0364764AF542069 /* GCDWebServerFileRequest.h */ = {isa = PBXFileReference; explicitFileType = undefined; fileEncoding = 4; includeInIndex = 0; lastKnownFileType = sourcecode.c.h; name = GCDWebServerFileRequest.h; path = "cordova-plugin-ionic-webview/GCDWebServerFileRequest.h"; sourceTree = "<group>"; };
		595363CE9E054B57BB6A0A4A /* CDVFileTransfer.h */ = {isa = PBXFileReference; explicitFileType = undefined; fileEncoding = 4; includeInIndex = 0; lastKnownFileType = sourcecode.c.h; name = CDVFileTransfer.h; path = "cordova-plugin-file-transfer/CDVFileTransfer.h"; sourceTree = "<group>"; };
		5A34972BEFD94F5990E94E06 /* libsqlite3.0.tbd */ = {isa = PBXFileReference; explicitFileType = undefined; fileEncoding = 9; includeInIndex = 0; lastKnownFileType = "sourcecode.text-based-dylib-definition"; name = libsqlite3.0.tbd; path = usr/lib/libsqlite3.0.tbd; sourceTree = SDKROOT; };
		5A7D77A8C5A642F9B6A1C1AB /* CDVFile.m */ = {isa = PBXFileReference; explicitFileType = undefined; fileEncoding = 4; includeInIndex = 0; lastKnownFileType = sourcecode.c.objc; name = CDVFile.m; path = "cordova-plugin-file/CDVFile.m"; sourceTree = "<group>"; };
		5CF92ACD8E304530A3EEA85E /* Firebase.h */ = {isa = PBXFileReference; explicitFileType = undefined; fileEncoding = 4; includeInIndex = 0; lastKnownFileType = sourcecode.c.h; name = Firebase.h; path = "cordova-plugin-fcm/Firebase.h"; sourceTree = "<group>"; };
		5EE8FBB6D4624A5B809F85EA /* CDVAssetLibraryFilesystem.m */ = {isa = PBXFileReference; explicitFileType = undefined; fileEncoding = 4; includeInIndex = 0; lastKnownFileType = sourcecode.c.objc; name = CDVAssetLibraryFilesystem.m; path = "cordova-plugin-file/CDVAssetLibraryFilesystem.m"; sourceTree = "<group>"; };
		5F22D9CB415246EF9ADECD96 /* AFHTTPSessionManager.m */ = {isa = PBXFileReference; explicitFileType = undefined; fileEncoding = 4; includeInIndex = 0; lastKnownFileType = sourcecode.c.objc; name = AFHTTPSessionManager.m; path = "cordova-plugin-advanced-http/AFHTTPSessionManager.m"; sourceTree = "<group>"; };
		6093BCDF5EF143809CBD94F3 /* GCDWebServerStreamedResponse.m */ = {isa = PBXFileReference; explicitFileType = undefined; fileEncoding = 4; includeInIndex = 0; lastKnownFileType = sourcecode.c.objc; name = GCDWebServerStreamedResponse.m; path = "cordova-plugin-ionic-webview/GCDWebServerStreamedResponse.m"; sourceTree = "<group>"; };
		63C644D7100D44EB806CDB78 /* APPNotificationContent.m */ = {isa = PBXFileReference; explicitFileType = undefined; fileEncoding = 4; includeInIndex = 0; lastKnownFileType = sourcecode.c.objc; name = APPNotificationContent.m; path = "cordova-plugin-local-notification/APPNotificationContent.m"; sourceTree = "<group>"; };
		65C6E38124C841A09567253D /* CDVDevice.m */ = {isa = PBXFileReference; explicitFileType = undefined; fileEncoding = 4; includeInIndex = 0; lastKnownFileType = sourcecode.c.objc; name = CDVDevice.m; path = "cordova-plugin-device/CDVDevice.m"; sourceTree = "<group>"; };
		670CA127E90B4EF7851F274F /* FirebaseMessaging.framework */ = {isa = PBXFileReference; explicitFileType = undefined; fileEncoding = 9; includeInIndex = 0; lastKnownFileType = wrapper.framework; name = FirebaseMessaging.framework; path = "CFM/Plugins/cordova-plugin-fcm/FirebaseMessaging.framework"; sourceTree = "<group>"; };
		67A3E24A905D4D2B922F76D7 /* APPNotificationContent.h */ = {isa = PBXFileReference; explicitFileType = undefined; fileEncoding = 4; includeInIndex = 0; lastKnownFileType = sourcecode.c.h; name = APPNotificationContent.h; path = "cordova-plugin-local-notification/APPNotificationContent.h"; sourceTree = "<group>"; };
		6AFF5BF81D6E424B00AB3073 /* CDVLaunchScreen.storyboard */ = {isa = PBXFileReference; fileEncoding = 4; lastKnownFileType = file.storyboard; name = CDVLaunchScreen.storyboard; path = CFM/CDVLaunchScreen.storyboard; sourceTree = SOURCE_ROOT; };
		6C5A000373D04A18866A9981 /* GCDWebServerURLEncodedFormRequest.m */ = {isa = PBXFileReference; explicitFileType = undefined; fileEncoding = 4; includeInIndex = 0; lastKnownFileType = sourcecode.c.objc; name = GCDWebServerURLEncodedFormRequest.m; path = "cordova-plugin-ionic-webview/GCDWebServerURLEncodedFormRequest.m"; sourceTree = "<group>"; };
		6CC04C46AA21434D9BEFE817 /* AFURLSessionManager.m */ = {isa = PBXFileReference; explicitFileType = undefined; fileEncoding = 4; includeInIndex = 0; lastKnownFileType = sourcecode.c.objc; name = AFURLSessionManager.m; path = "cordova-plugin-advanced-http/AFURLSessionManager.m"; sourceTree = "<group>"; };
		6D43D831DFE34B80B900E7AB /* UNUserNotificationCenter+APPLocalNotification.m */ = {isa = PBXFileReference; explicitFileType = undefined; fileEncoding = 4; includeInIndex = 0; lastKnownFileType = sourcecode.c.objc; name = "UNUserNotificationCenter+APPLocalNotification.m"; path = "cordova-plugin-local-notification/UNUserNotificationCenter+APPLocalNotification.m"; sourceTree = "<group>"; };
		6E09342E2FA74CBC85DAED25 /* GCDWebServer.m */ = {isa = PBXFileReference; explicitFileType = undefined; fileEncoding = 4; includeInIndex = 0; lastKnownFileType = sourcecode.c.objc; name = GCDWebServer.m; path = "cordova-plugin-ionic-webview/GCDWebServer.m"; sourceTree = "<group>"; };
		754AA012E16943C8A0DF802E /* GoogleService-Info.plist */ = {isa = PBXFileReference; explicitFileType = undefined; fileEncoding = 4; includeInIndex = 0; lastKnownFileType = text.plist.xml; name = "GoogleService-Info.plist"; path = "Resources/GoogleService-Info.plist"; sourceTree = "<group>"; };
		7743FBE43CBC43B4A839E35F /* GCDWebServerFunctions.m */ = {isa = PBXFileReference; explicitFileType = undefined; fileEncoding = 4; includeInIndex = 0; lastKnownFileType = sourcecode.c.objc; name = GCDWebServerFunctions.m; path = "cordova-plugin-ionic-webview/GCDWebServerFunctions.m"; sourceTree = "<group>"; };
		79C94DB9593042F1B7478C90 /* AFURLRequestSerialization.h */ = {isa = PBXFileReference; explicitFileType = undefined; fileEncoding = 4; includeInIndex = 0; lastKnownFileType = sourcecode.c.h; name = AFURLRequestSerialization.h; path = "cordova-plugin-advanced-http/AFURLRequestSerialization.h"; sourceTree = "<group>"; };
		79FB6606FEFB4FA089E2E9F6 /* libc++.tbd */ = {isa = PBXFileReference; explicitFileType = undefined; fileEncoding = 9; includeInIndex = 0; lastKnownFileType = "sourcecode.text-based-dylib-definition"; name = "libc++.tbd"; path = "usr/lib/libc++.tbd"; sourceTree = SDKROOT; };
		7EC40E924E1C4223B689AC18 /* AFNetworkReachabilityManager.m */ = {isa = PBXFileReference; explicitFileType = undefined; fileEncoding = 4; includeInIndex = 0; lastKnownFileType = sourcecode.c.objc; name = AFNetworkReachabilityManager.m; path = "cordova-plugin-advanced-http/AFNetworkReachabilityManager.m"; sourceTree = "<group>"; };
		80BF689543DB4FA68BD48CA5 /* GCDWebServerDataResponse.m */ = {isa = PBXFileReference; explicitFileType = undefined; fileEncoding = 4; includeInIndex = 0; lastKnownFileType = sourcecode.c.objc; name = GCDWebServerDataResponse.m; path = "cordova-plugin-ionic-webview/GCDWebServerDataResponse.m"; sourceTree = "<group>"; };
		8220B469482349B697A3B270 /* UNNotificationRequest+APPLocalNotification.m */ = {isa = PBXFileReference; explicitFileType = undefined; fileEncoding = 4; includeInIndex = 0; lastKnownFileType = sourcecode.c.objc; name = "UNNotificationRequest+APPLocalNotification.m"; path = "cordova-plugin-local-notification/UNNotificationRequest+APPLocalNotification.m"; sourceTree = "<group>"; };
		8891661B50F049DF9446ABEB /* CDVWKWebViewUIDelegate.m */ = {isa = PBXFileReference; explicitFileType = undefined; fileEncoding = 4; includeInIndex = 0; lastKnownFileType = sourcecode.c.objc; name = CDVWKWebViewUIDelegate.m; path = "cordova-plugin-ionic-webview/CDVWKWebViewUIDelegate.m"; sourceTree = "<group>"; };
		8C2770F9C4824E779B74E459 /* APPBadge.h */ = {isa = PBXFileReference; explicitFileType = undefined; fileEncoding = 4; includeInIndex = 0; lastKnownFileType = sourcecode.c.h; name = APPBadge.h; path = "cordova-plugin-badge/APPBadge.h"; sourceTree = "<group>"; };
		8D1107310486CEB800E47090 /* CFM-Info.plist */ = {isa = PBXFileReference; fileEncoding = 4; lastKnownFileType = text.plist.xml; name = "CFM-Info.plist"; path = "CFM/CFM-Info.plist"; plistStructureDefinitionIdentifier = "com.apple.xcode.plist.structure-definition.iphone.info-plist"; sourceTree = SOURCE_ROOT; };
		9311C352DD4744D885CFCA6D /* CDVWKProcessPoolFactory.h */ = {isa = PBXFileReference; explicitFileType = undefined; fileEncoding = 4; includeInIndex = 0; lastKnownFileType = sourcecode.c.h; name = CDVWKProcessPoolFactory.h; path = "cordova-plugin-ionic-webview/CDVWKProcessPoolFactory.h"; sourceTree = "<group>"; };
		938A27C4A7784CD58E757918 /* CDVFileTransfer.m */ = {isa = PBXFileReference; explicitFileType = undefined; fileEncoding = 4; includeInIndex = 0; lastKnownFileType = sourcecode.c.objc; name = CDVFileTransfer.m; path = "cordova-plugin-file-transfer/CDVFileTransfer.m"; sourceTree = "<group>"; };
		990F0EBD48B24546AE16720D /* Security.framework */ = {isa = PBXFileReference; explicitFileType = undefined; fileEncoding = 9; includeInIndex = 0; lastKnownFileType = wrapper.framework; name = Security.framework; path = System/Library/Frameworks/Security.framework; sourceTree = SDKROOT; };
		9AD9CA6086154ED4B241E4AF /* GCDWebServerRequest.h */ = {isa = PBXFileReference; explicitFileType = undefined; fileEncoding = 4; includeInIndex = 0; lastKnownFileType = sourcecode.c.h; name = GCDWebServerRequest.h; path = "cordova-plugin-ionic-webview/GCDWebServerRequest.h"; sourceTree = "<group>"; };
		9B5C03FCAACC438893693EA5 /* UNUserNotificationCenter+APPLocalNotification.h */ = {isa = PBXFileReference; explicitFileType = undefined; fileEncoding = 4; includeInIndex = 0; lastKnownFileType = sourcecode.c.h; name = "UNUserNotificationCenter+APPLocalNotification.h"; path = "cordova-plugin-local-notification/UNUserNotificationCenter+APPLocalNotification.h"; sourceTree = "<group>"; };
		A1769688B28F43BAA92EC4A7 /* GoogleInterchangeUtilities.framework */ = {isa = PBXFileReference; explicitFileType = undefined; fileEncoding = 9; includeInIndex = 0; lastKnownFileType = wrapper.framework; name = GoogleInterchangeUtilities.framework; path = "CFM/Plugins/cordova-plugin-fcm/GoogleInterchangeUtilities.framework"; sourceTree = "<group>"; };
		A331919350AF480A8688FCF4 /* OneSignalPush.h */ = {isa = PBXFileReference; explicitFileType = undefined; fileEncoding = 4; includeInIndex = 0; lastKnownFileType = sourcecode.c.h; name = OneSignalPush.h; path = "onesignal-cordova-plugin/OneSignalPush.h"; sourceTree = "<group>"; };
		A67A1583E3A84C9AB82429B1 /* AFSecurityPolicy.m */ = {isa = PBXFileReference; explicitFileType = undefined; fileEncoding = 4; includeInIndex = 0; lastKnownFileType = sourcecode.c.objc; name = AFSecurityPolicy.m; path = "cordova-plugin-advanced-http/AFSecurityPolicy.m"; sourceTree = "<group>"; };
		A81525A78BDA4B9A94E3D826 /* GCDWebServerStreamedResponse.h */ = {isa = PBXFileReference; explicitFileType = undefined; fileEncoding = 4; includeInIndex = 0; lastKnownFileType = sourcecode.c.h; name = GCDWebServerStreamedResponse.h; path = "cordova-plugin-ionic-webview/GCDWebServerStreamedResponse.h"; sourceTree = "<group>"; };
		ABBEBEE85CDC435684B7B1B4 /* CDVAssetLibraryFilesystem.h */ = {isa = PBXFileReference; explicitFileType = undefined; fileEncoding = 4; includeInIndex = 0; lastKnownFileType = sourcecode.c.h; name = CDVAssetLibraryFilesystem.h; path = "cordova-plugin-file/CDVAssetLibraryFilesystem.h"; sourceTree = "<group>"; };
		AC8F63BDD5824048983FCE73 /* UserNotifications.framework */ = {isa = PBXFileReference; explicitFileType = undefined; fileEncoding = 9; includeInIndex = 0; lastKnownFileType = wrapper.framework; name = UserNotifications.framework; path = System/Library/Frameworks/UserNotifications.framework; sourceTree = SDKROOT; };
		B0F304209EE14C679E6B9B86 /* SystemConfiguration.framework */ = {isa = PBXFileReference; explicitFileType = undefined; fileEncoding = 9; includeInIndex = 0; lastKnownFileType = wrapper.framework; name = SystemConfiguration.framework; path = System/Library/Frameworks/SystemConfiguration.framework; sourceTree = SDKROOT; };
		B2E23BA282834D7387D4F387 /* FCMPlugin.h */ = {isa = PBXFileReference; explicitFileType = undefined; fileEncoding = 4; includeInIndex = 0; lastKnownFileType = sourcecode.c.h; name = FCMPlugin.h; path = "cordova-plugin-fcm/FCMPlugin.h"; sourceTree = "<group>"; };
		B4313FF1B6894322AC1D4F23 /* AFURLSessionManager.h */ = {isa = PBXFileReference; explicitFileType = undefined; fileEncoding = 4; includeInIndex = 0; lastKnownFileType = sourcecode.c.h; name = AFURLSessionManager.h; path = "cordova-plugin-advanced-http/AFURLSessionManager.h"; sourceTree = "<group>"; };
		B432B57C67DD429F9881C6C6 /* GCDWebServerFileResponse.m */ = {isa = PBXFileReference; explicitFileType = undefined; fileEncoding = 4; includeInIndex = 0; lastKnownFileType = sourcecode.c.objc; name = GCDWebServerFileResponse.m; path = "cordova-plugin-ionic-webview/GCDWebServerFileResponse.m"; sourceTree = "<group>"; };
		BA1C9A2DEDF943AE825C177E /* libz.tbd */ = {isa = PBXFileReference; explicitFileType = undefined; fileEncoding = 9; includeInIndex = 0; lastKnownFileType = "sourcecode.text-based-dylib-definition"; name = libz.tbd; path = usr/lib/libz.tbd; sourceTree = SDKROOT; };
		BB00901B2DC34F8A9686385E /* GoogleIPhoneUtilities.framework */ = {isa = PBXFileReference; explicitFileType = undefined; fileEncoding = 9; includeInIndex = 0; lastKnownFileType = wrapper.framework; name = GoogleIPhoneUtilities.framework; path = "CFM/Plugins/cordova-plugin-fcm/GoogleIPhoneUtilities.framework"; sourceTree = "<group>"; };
		BB3B9FB0928F4CE6BD704666 /* GCDWebServerHTTPStatusCodes.h */ = {isa = PBXFileReference; explicitFileType = undefined; fileEncoding = 4; includeInIndex = 0; lastKnownFileType = sourcecode.c.h; name = GCDWebServerHTTPStatusCodes.h; path = "cordova-plugin-ionic-webview/GCDWebServerHTTPStatusCodes.h"; sourceTree = "<group>"; };
		BB520D14CC0F43508BCAAE86 /* OneSignalPush.m */ = {isa = PBXFileReference; explicitFileType = undefined; fileEncoding = 4; includeInIndex = 0; lastKnownFileType = sourcecode.c.objc; name = OneSignalPush.m; path = "onesignal-cordova-plugin/OneSignalPush.m"; sourceTree = "<group>"; };
		BD08072AB8C140429FD4FFEF /* CDVWKWebViewUIDelegate.h */ = {isa = PBXFileReference; explicitFileType = undefined; fileEncoding = 4; includeInIndex = 0; lastKnownFileType = sourcecode.c.h; name = CDVWKWebViewUIDelegate.h; path = "cordova-plugin-ionic-webview/CDVWKWebViewUIDelegate.h"; sourceTree = "<group>"; };
		C96CCF01425C4C0F9594A545 /* CDVViewController+SplashScreen.h */ = {isa = PBXFileReference; explicitFileType = undefined; fileEncoding = 4; includeInIndex = 0; lastKnownFileType = sourcecode.c.h; name = "CDVViewController+SplashScreen.h"; path = "cordova-plugin-splashscreen/CDVViewController+SplashScreen.h"; sourceTree = "<group>"; };
		CA63124FDC344C3EB4E597AF /* GCDWebServerConnection.h */ = {isa = PBXFileReference; explicitFileType = undefined; fileEncoding = 4; includeInIndex = 0; lastKnownFileType = sourcecode.c.h; name = GCDWebServerConnection.h; path = "cordova-plugin-ionic-webview/GCDWebServerConnection.h"; sourceTree = "<group>"; };
		CAEDB2D4FD5F44D597058D41 /* GCDWebServerDataResponse.h */ = {isa = PBXFileReference; explicitFileType = undefined; fileEncoding = 4; includeInIndex = 0; lastKnownFileType = sourcecode.c.h; name = GCDWebServerDataResponse.h; path = "cordova-plugin-ionic-webview/GCDWebServerDataResponse.h"; sourceTree = "<group>"; };
		D2AA464761C54F9F881DD294 /* GCDWebServerErrorResponse.h */ = {isa = PBXFileReference; explicitFileType = undefined; fileEncoding = 4; includeInIndex = 0; lastKnownFileType = sourcecode.c.h; name = GCDWebServerErrorResponse.h; path = "cordova-plugin-ionic-webview/GCDWebServerErrorResponse.h"; sourceTree = "<group>"; };
		D46E711F946F46BD9AA8A532 /* CDVFile.h */ = {isa = PBXFileReference; explicitFileType = undefined; fileEncoding = 4; includeInIndex = 0; lastKnownFileType = sourcecode.c.h; name = CDVFile.h; path = "cordova-plugin-file/CDVFile.h"; sourceTree = "<group>"; };
		D90A570322A34E66A5A1CEF5 /* AddressBook.framework */ = {isa = PBXFileReference; explicitFileType = undefined; fileEncoding = 9; includeInIndex = 0; lastKnownFileType = wrapper.framework; name = AddressBook.framework; path = System/Library/Frameworks/AddressBook.framework; sourceTree = SDKROOT; };
		D90B127636704773BB02A86F /* CDVLocalFilesystem.m */ = {isa = PBXFileReference; explicitFileType = undefined; fileEncoding = 4; includeInIndex = 0; lastKnownFileType = sourcecode.c.objc; name = CDVLocalFilesystem.m; path = "cordova-plugin-file/CDVLocalFilesystem.m"; sourceTree = "<group>"; };
		DB26C14BC72F4EF58F3629C9 /* GoogleUtilities.framework */ = {isa = PBXFileReference; explicitFileType = undefined; fileEncoding = 9; includeInIndex = 0; lastKnownFileType = wrapper.framework; name = GoogleUtilities.framework; path = "CFM/Plugins/cordova-plugin-fcm/GoogleUtilities.framework"; sourceTree = "<group>"; };
		DFF71621E7444C2681C701AB /* CoreLocation.framework */ = {isa = PBXFileReference; explicitFileType = undefined; fileEncoding = 9; includeInIndex = 0; lastKnownFileType = wrapper.framework; name = CoreLocation.framework; path = System/Library/Frameworks/CoreLocation.framework; sourceTree = SDKROOT; };
		E29A15DDF92249F6A495FD4E /* AppDelegate+FCMPlugin.m */ = {isa = PBXFileReference; explicitFileType = undefined; fileEncoding = 4; includeInIndex = 0; lastKnownFileType = sourcecode.c.objc; name = "AppDelegate+FCMPlugin.m"; path = "cordova-plugin-fcm/AppDelegate+FCMPlugin.m"; sourceTree = "<group>"; };
		E8A73DE8087241118EC8E061 /* GCDWebServerMultiPartFormRequest.h */ = {isa = PBXFileReference; explicitFileType = undefined; fileEncoding = 4; includeInIndex = 0; lastKnownFileType = sourcecode.c.h; name = GCDWebServerMultiPartFormRequest.h; path = "cordova-plugin-ionic-webview/GCDWebServerMultiPartFormRequest.h"; sourceTree = "<group>"; };
		EB87FDF31871DA8E0020F90C /* www */ = {isa = PBXFileReference; lastKnownFileType = folder; name = www; path = ../../www; sourceTree = "<group>"; };
		EB87FDF41871DAF40020F90C /* config.xml */ = {isa = PBXFileReference; lastKnownFileType = text.xml; name = config.xml; path = ../../config.xml; sourceTree = "<group>"; };
		ECA70F811EDD4510AE6F5BE3 /* AppDelegate+FCMPlugin.h */ = {isa = PBXFileReference; explicitFileType = undefined; fileEncoding = 4; includeInIndex = 0; lastKnownFileType = sourcecode.c.h; name = "AppDelegate+FCMPlugin.h"; path = "cordova-plugin-fcm/AppDelegate+FCMPlugin.h"; sourceTree = "<group>"; };
		ECB6C83BC38343F2BAB0B66F /* CDVSplashScreen.m */ = {isa = PBXFileReference; explicitFileType = undefined; fileEncoding = 4; includeInIndex = 0; lastKnownFileType = sourcecode.c.objc; name = CDVSplashScreen.m; path = "cordova-plugin-splashscreen/CDVSplashScreen.m"; sourceTree = "<group>"; };
		ED33DF2A687741AEAF9F8254 /* Bridging-Header.h */ = {isa = PBXFileReference; fileEncoding = 4; lastKnownFileType = sourcecode.c.h; path = "Bridging-Header.h"; sourceTree = "<group>"; };
		F30F7ADA71464445BAC0E47D /* GCDWebServerConnection.m */ = {isa = PBXFileReference; explicitFileType = undefined; fileEncoding = 4; includeInIndex = 0; lastKnownFileType = sourcecode.c.objc; name = GCDWebServerConnection.m; path = "cordova-plugin-ionic-webview/GCDWebServerConnection.m"; sourceTree = "<group>"; };
		F4678899639D4B54A5650121 /* CDVDevice.h */ = {isa = PBXFileReference; explicitFileType = undefined; fileEncoding = 4; includeInIndex = 0; lastKnownFileType = sourcecode.c.h; name = CDVDevice.h; path = "cordova-plugin-device/CDVDevice.h"; sourceTree = "<group>"; };
		F56F5A76D75844D5B4DEFAF2 /* AFNetworking.h */ = {isa = PBXFileReference; explicitFileType = undefined; fileEncoding = 4; includeInIndex = 0; lastKnownFileType = sourcecode.c.h; name = AFNetworking.h; path = "cordova-plugin-advanced-http/AFNetworking.h"; sourceTree = "<group>"; };
		F5C6BD720ABC4D84901D622C /* APPNotificationOptions.h */ = {isa = PBXFileReference; explicitFileType = undefined; fileEncoding = 4; includeInIndex = 0; lastKnownFileType = sourcecode.c.h; name = APPNotificationOptions.h; path = "cordova-plugin-local-notification/APPNotificationOptions.h"; sourceTree = "<group>"; };
		F71A91A7C65248E98D468FA3 /* GCDWebServerURLEncodedFormRequest.h */ = {isa = PBXFileReference; explicitFileType = undefined; fileEncoding = 4; includeInIndex = 0; lastKnownFileType = sourcecode.c.h; name = GCDWebServerURLEncodedFormRequest.h; path = "cordova-plugin-ionic-webview/GCDWebServerURLEncodedFormRequest.h"; sourceTree = "<group>"; };
		F840E1F0165FE0F500CFE078 /* config.xml */ = {isa = PBXFileReference; lastKnownFileType = text.xml; name = config.xml; path = CFM/config.xml; sourceTree = "<group>"; };
		F8D6F55C5F794B4CB831C90C /* FCMPlugin.m */ = {isa = PBXFileReference; explicitFileType = undefined; fileEncoding = 4; includeInIndex = 0; lastKnownFileType = sourcecode.c.objc; name = FCMPlugin.m; path = "cordova-plugin-fcm/FCMPlugin.m"; sourceTree = "<group>"; };
		F95FFFA1D0364E16A956FDBA /* APPLocalNotification.m */ = {isa = PBXFileReference; explicitFileType = undefined; fileEncoding = 4; includeInIndex = 0; lastKnownFileType = sourcecode.c.objc; name = APPLocalNotification.m; path = "cordova-plugin-local-notification/APPLocalNotification.m"; sourceTree = "<group>"; };
		FCBC2BFABA5E44199DF606C4 /* GCDWebServer.h */ = {isa = PBXFileReference; explicitFileType = undefined; fileEncoding = 4; includeInIndex = 0; lastKnownFileType = sourcecode.c.h; name = GCDWebServer.h; path = "cordova-plugin-ionic-webview/GCDWebServer.h"; sourceTree = "<group>"; };
		FEAA897594514F1AB99D7795 /* CordovaHttpPlugin.m */ = {isa = PBXFileReference; explicitFileType = undefined; fileEncoding = 4; includeInIndex = 0; lastKnownFileType = sourcecode.c.objc; name = CordovaHttpPlugin.m; path = "cordova-plugin-advanced-http/CordovaHttpPlugin.m"; sourceTree = "<group>"; };
/* End PBXFileReference section */

/* Begin PBXFrameworksBuildPhase section */
		1D60588F0D05DD3D006BFB54 /* Frameworks */ = {
			isa = PBXFrameworksBuildPhase;
			buildActionMask = 2147483647;
			files = (
				4B18CB752034D5850056E2A8 /* OneSignal.framework in Frameworks */,
				301BF552109A68D80062928A /* libCordova.a in Frameworks */,
				94774511C3394D48A5DB6F37 /* Security.framework in Frameworks */,
				350E6803211A4FEF986946A6 /* SystemConfiguration.framework in Frameworks */,
				163FA39D1FB44F13BAAC8D7A /* libz.tbd in Frameworks */,
				5DE72BC8F824494B9F6BF74F /* FirebaseAnalytics.framework in Frameworks */,
				D459177E9BC44EF99509C545 /* FirebaseCore.framework in Frameworks */,
				0368285044D74A4F92CEC2A5 /* FirebaseInstanceID.framework in Frameworks */,
				29E0E2B4F68E42AB92A36387 /* FirebaseMessaging.framework in Frameworks */,
				ADDA749DB5024D27A09373DA /* GoogleInterchangeUtilities.framework in Frameworks */,
				B899C9548C17414E97C89EBF /* GoogleIPhoneUtilities.framework in Frameworks */,
				0794D411CAF54C6E8FF6A4AC /* GoogleSymbolUtilities.framework in Frameworks */,
				D1F33897BDA94312B42169BA /* GoogleUtilities.framework in Frameworks */,
				6B3F2042CEA8472D92BFC27D /* libc++.tbd in Frameworks */,
				27B5B8055F544489A5652AA9 /* AddressBook.framework in Frameworks */,
				9CD6400AC85B4608B521E7CB /* libsqlite3.0.tbd in Frameworks */,
				3956AB6AF3DE4F9080D18C99 /* WebKit.framework in Frameworks */,
				A4E543C48892415F8E0B14CF /* UserNotifications.framework in Frameworks */,
				AE8ABE3FEAA14A3FB98846FE /* CoreLocation.framework in Frameworks */,
			);
			runOnlyForDeploymentPostprocessing = 0;
		};
/* End PBXFrameworksBuildPhase section */

/* Begin PBXGroup section */
		080E96DDFE201D6D7F000001 /* Classes */ = {
			isa = PBXGroup;
			children = (
				302D95EE14D2391D003F00A1 /* MainViewController.h */,
				302D95EF14D2391D003F00A1 /* MainViewController.m */,
				302D95F014D2391D003F00A1 /* MainViewController.xib */,
				1D3623240D0F684500981E51 /* AppDelegate.h */,
				1D3623250D0F684500981E51 /* AppDelegate.m */,
			);
			name = Classes;
			path = CFM/Classes;
			sourceTree = SOURCE_ROOT;
		};
		19C28FACFE9D520D11CA2CBB /* Products */ = {
			isa = PBXGroup;
			children = (
				1D6058910D05DD3D006BFB54 /* CFM.app */,
			);
			name = Products;
			sourceTree = "<group>";
		};
		29B97314FDCFA39411CA2CEA /* CustomTemplate */ = {
			isa = PBXGroup;
			children = (
				4BD51C952034DB81002E61CF /* CFM.entitlements */,
				4BD51C922034D7DB002E61CF /* GoogleService-Info.plist */,
				EB87FDF41871DAF40020F90C /* config.xml */,
				EB87FDF31871DA8E0020F90C /* www */,
				EB87FDF11871DA420020F90C /* Staging */,
				301BF52D109A57CC0062928A /* CordovaLib/CordovaLib.xcodeproj */,
				080E96DDFE201D6D7F000001 /* Classes */,
				307C750510C5A3420062BCA9 /* Plugins */,
				29B97315FDCFA39411CA2CEA /* Other Sources */,
				29B97317FDCFA39411CA2CEA /* Resources */,
				29B97323FDCFA39411CA2CEA /* Frameworks */,
				19C28FACFE9D520D11CA2CBB /* Products */,
			);
			name = CustomTemplate;
			sourceTree = "<group>";
		};
		29B97315FDCFA39411CA2CEA /* Other Sources */ = {
			isa = PBXGroup;
			children = (
				32CA4F630368D1EE00C91783 /* CFM-Prefix.pch */,
				29B97316FDCFA39411CA2CEA /* main.m */,
				ED33DF2A687741AEAF9F8254 /* Bridging-Header.h */,
			);
			name = "Other Sources";
			path = CFM;
			sourceTree = "<group>";
		};
		29B97317FDCFA39411CA2CEA /* Resources */ = {
			isa = PBXGroup;
			children = (
				0207DA571B56EA530066E2B4 /* Images.xcassets */,
				3047A50E1AB8057F00498E2A /* config */,
				8D1107310486CEB800E47090 /* CFM-Info.plist */,
				6AFF5BF81D6E424B00AB3073 /* CDVLaunchScreen.storyboard */,
				754AA012E16943C8A0DF802E /* GoogleService-Info.plist */,
			);
			name = Resources;
			path = CFM/Resources;
			sourceTree = "<group>";
		};
		29B97323FDCFA39411CA2CEA /* Frameworks */ = {
			isa = PBXGroup;
			children = (
				4B18CB742034D5840056E2A8 /* OneSignal.framework */,
				990F0EBD48B24546AE16720D /* Security.framework */,
				B0F304209EE14C679E6B9B86 /* SystemConfiguration.framework */,
				BA1C9A2DEDF943AE825C177E /* libz.tbd */,
				4303906037194713AE2C789B /* FirebaseAnalytics.framework */,
				0869F7144488496089551557 /* FirebaseCore.framework */,
				4724AA9BE0F646D9AEB45EE1 /* FirebaseInstanceID.framework */,
				670CA127E90B4EF7851F274F /* FirebaseMessaging.framework */,
				A1769688B28F43BAA92EC4A7 /* GoogleInterchangeUtilities.framework */,
				BB00901B2DC34F8A9686385E /* GoogleIPhoneUtilities.framework */,
				1298383645D1489B9B201397 /* GoogleSymbolUtilities.framework */,
				DB26C14BC72F4EF58F3629C9 /* GoogleUtilities.framework */,
				79FB6606FEFB4FA089E2E9F6 /* libc++.tbd */,
				D90A570322A34E66A5A1CEF5 /* AddressBook.framework */,
				5A34972BEFD94F5990E94E06 /* libsqlite3.0.tbd */,
				2564A69FEBC74E4E86449624 /* WebKit.framework */,
				AC8F63BDD5824048983FCE73 /* UserNotifications.framework */,
				DFF71621E7444C2681C701AB /* CoreLocation.framework */,
			);
			name = Frameworks;
			sourceTree = "<group>";
		};
		301BF52E109A57CC0062928A /* Products */ = {
			isa = PBXGroup;
			children = (
				301BF535109A57CC0062928A /* libCordova.a */,
				4B18CB732034D4270056E2A8 /* Cordova.framework */,
			);
			name = Products;
			sourceTree = "<group>";
		};
		3047A50E1AB8057F00498E2A /* config */ = {
			isa = PBXGroup;
			children = (
				3047A50F1AB8059700498E2A /* build-debug.xcconfig */,
				3047A5101AB8059700498E2A /* build-release.xcconfig */,
				3047A5111AB8059700498E2A /* build.xcconfig */,
			);
			name = config;
			sourceTree = "<group>";
		};
		307C750510C5A3420062BCA9 /* Plugins */ = {
			isa = PBXGroup;
			children = (
				5A7D77A8C5A642F9B6A1C1AB /* CDVFile.m */,
				D90B127636704773BB02A86F /* CDVLocalFilesystem.m */,
				5EE8FBB6D4624A5B809F85EA /* CDVAssetLibraryFilesystem.m */,
				D46E711F946F46BD9AA8A532 /* CDVFile.h */,
				53A4D05679314DFBA7E8EB19 /* CDVLocalFilesystem.h */,
				ABBEBEE85CDC435684B7B1B4 /* CDVAssetLibraryFilesystem.h */,
				FEAA897594514F1AB99D7795 /* CordovaHttpPlugin.m */,
				2CEA0BB0156F44379A006904 /* TextResponseSerializer.m */,
				5F22D9CB415246EF9ADECD96 /* AFHTTPSessionManager.m */,
				7EC40E924E1C4223B689AC18 /* AFNetworkReachabilityManager.m */,
				A67A1583E3A84C9AB82429B1 /* AFSecurityPolicy.m */,
				37464F9C07C0424B9610035E /* AFURLRequestSerialization.m */,
				4F5A2C9DC4EF439BBE3FEF9B /* AFURLResponseSerialization.m */,
				6CC04C46AA21434D9BEFE817 /* AFURLSessionManager.m */,
				3F13C66A60FB4F9985D8A612 /* CordovaHttpPlugin.h */,
				2E5B25741130430798761526 /* TextResponseSerializer.h */,
				23B7345CBDB4464081BEFBDC /* AFHTTPSessionManager.h */,
				F56F5A76D75844D5B4DEFAF2 /* AFNetworking.h */,
				377D827979164267AA12FF66 /* AFNetworkReachabilityManager.h */,
				0B1916D0EFCA40A4A351748A /* AFSecurityPolicy.h */,
				79C94DB9593042F1B7478C90 /* AFURLRequestSerialization.h */,
				4CBF6607DD14441293352766 /* AFURLResponseSerialization.h */,
				B4313FF1B6894322AC1D4F23 /* AFURLSessionManager.h */,
				3CAC417A19FA4325B8994F74 /* APPBadge.m */,
				8C2770F9C4824E779B74E459 /* APPBadge.h */,
				65C6E38124C841A09567253D /* CDVDevice.m */,
				F4678899639D4B54A5650121 /* CDVDevice.h */,
				F8D6F55C5F794B4CB831C90C /* FCMPlugin.m */,
				E29A15DDF92249F6A495FD4E /* AppDelegate+FCMPlugin.m */,
				B2E23BA282834D7387D4F387 /* FCMPlugin.h */,
				ECA70F811EDD4510AE6F5BE3 /* AppDelegate+FCMPlugin.h */,
				5CF92ACD8E304530A3EEA85E /* Firebase.h */,
				938A27C4A7784CD58E757918 /* CDVFileTransfer.m */,
				595363CE9E054B57BB6A0A4A /* CDVFileTransfer.h */,
				25EE7BD9DA614185B261A6EB /* CDVWKWebViewEngine.m */,
				8891661B50F049DF9446ABEB /* CDVWKWebViewUIDelegate.m */,
				39730A6671B84518A0FF0AA1 /* CDVWKProcessPoolFactory.m */,
				6E09342E2FA74CBC85DAED25 /* GCDWebServer.m */,
				F30F7ADA71464445BAC0E47D /* GCDWebServerConnection.m */,
				7743FBE43CBC43B4A839E35F /* GCDWebServerFunctions.m */,
				498F4EFE6B3440139655FFB1 /* GCDWebServerRequest.m */,
				390B13FC340E4B9FBD497896 /* GCDWebServerResponse.m */,
				4C009E3C778E4FEBBDC9D54D /* GCDWebServerDataRequest.m */,
				00A4F83C6401486A91F1715F /* GCDWebServerFileRequest.m */,
				08E51483571F46C6961D51D9 /* GCDWebServerMultiPartFormRequest.m */,
				6C5A000373D04A18866A9981 /* GCDWebServerURLEncodedFormRequest.m */,
				80BF689543DB4FA68BD48CA5 /* GCDWebServerDataResponse.m */,
				073F2E2D683747DDAB22C71F /* GCDWebServerErrorResponse.m */,
				B432B57C67DD429F9881C6C6 /* GCDWebServerFileResponse.m */,
				6093BCDF5EF143809CBD94F3 /* GCDWebServerStreamedResponse.m */,
				22428B311B794301AF00132E /* CDVWKWebViewEngine.h */,
				BD08072AB8C140429FD4FFEF /* CDVWKWebViewUIDelegate.h */,
				9311C352DD4744D885CFCA6D /* CDVWKProcessPoolFactory.h */,
				FCBC2BFABA5E44199DF606C4 /* GCDWebServer.h */,
				CA63124FDC344C3EB4E597AF /* GCDWebServerConnection.h */,
				2719446C6EFE45D28DC10A71 /* GCDWebServerFunctions.h */,
				BB3B9FB0928F4CE6BD704666 /* GCDWebServerHTTPStatusCodes.h */,
				33709462132145A6A32957FB /* GCDWebServerPrivate.h */,
				9AD9CA6086154ED4B241E4AF /* GCDWebServerRequest.h */,
				1A366339DDF246E88D8F0196 /* GCDWebServerResponse.h */,
				3BA6623BA4D64122B18DF69D /* GCDWebServerDataRequest.h */,
				5686BAAEA0364764AF542069 /* GCDWebServerFileRequest.h */,
				E8A73DE8087241118EC8E061 /* GCDWebServerMultiPartFormRequest.h */,
				F71A91A7C65248E98D468FA3 /* GCDWebServerURLEncodedFormRequest.h */,
				CAEDB2D4FD5F44D597058D41 /* GCDWebServerDataResponse.h */,
				D2AA464761C54F9F881DD294 /* GCDWebServerErrorResponse.h */,
				3CBACF4835C9479BB39F1B26 /* GCDWebServerFileResponse.h */,
				A81525A78BDA4B9A94E3D826 /* GCDWebServerStreamedResponse.h */,
				F95FFFA1D0364E16A956FDBA /* APPLocalNotification.m */,
				63C644D7100D44EB806CDB78 /* APPNotificationContent.m */,
				4B0FD073161248BCAD70F041 /* APPNotificationOptions.m */,
				6D43D831DFE34B80B900E7AB /* UNUserNotificationCenter+APPLocalNotification.m */,
				8220B469482349B697A3B270 /* UNNotificationRequest+APPLocalNotification.m */,
				0F4BD4722C6C4DC4B2FD13E3 /* APPLocalNotification.h */,
				67A3E24A905D4D2B922F76D7 /* APPNotificationContent.h */,
				F5C6BD720ABC4D84901D622C /* APPNotificationOptions.h */,
				9B5C03FCAACC438893693EA5 /* UNUserNotificationCenter+APPLocalNotification.h */,
				41ADA82D6BD6452AA9753627 /* UNNotificationRequest+APPLocalNotification.h */,
				ECB6C83BC38343F2BAB0B66F /* CDVSplashScreen.m */,
				0B8C9E27F2C842429915923F /* CDVViewController+SplashScreen.m */,
				0C6713A5B09D4FA1A9AA4228 /* CDVSplashScreen.h */,
				C96CCF01425C4C0F9594A545 /* CDVViewController+SplashScreen.h */,
				4AF9ADDF5BA845F88A431248 /* IonicKeyboard.m */,
				16923623CA614E51AD22A252 /* IonicKeyboard.h */,
				BB520D14CC0F43508BCAAE86 /* OneSignalPush.m */,
				A331919350AF480A8688FCF4 /* OneSignalPush.h */,
			);
			name = Plugins;
			path = CFM/Plugins;
			sourceTree = SOURCE_ROOT;
		};
		EB87FDF11871DA420020F90C /* Staging */ = {
			isa = PBXGroup;
			children = (
				F840E1F0165FE0F500CFE078 /* config.xml */,
				301BF56E109A69640062928A /* www */,
			);
			name = Staging;
			sourceTree = "<group>";
		};
/* End PBXGroup section */

/* Begin PBXNativeTarget section */
		1D6058900D05DD3D006BFB54 /* CFM */ = {
			isa = PBXNativeTarget;
			buildConfigurationList = 1D6058960D05DD3E006BFB54 /* Build configuration list for PBXNativeTarget "CFM" */;
			buildPhases = (
				304B58A110DAC018002A0835 /* Copy www directory */,
				1D60588D0D05DD3D006BFB54 /* Resources */,
				1D60588E0D05DD3D006BFB54 /* Sources */,
				1D60588F0D05DD3D006BFB54 /* Frameworks */,
			);
			buildRules = (
			);
			dependencies = (
				301BF551109A68C00062928A /* PBXTargetDependency */,
			);
			name = CFM;
			productName = CFM;
			productReference = 1D6058910D05DD3D006BFB54 /* CFM.app */;
			productType = "com.apple.product-type.application";
		};
/* End PBXNativeTarget section */

/* Begin PBXProject section */
		29B97313FDCFA39411CA2CEA /* Project object */ = {
			isa = PBXProject;
			attributes = {
				LastUpgradeCheck = 510;
				TargetAttributes = {
					1D6058900D05DD3D006BFB54 = {
						DevelopmentTeam = 45DT9Z89H7;
						SystemCapabilities = {
							com.apple.Push = {
								enabled = 1;
							};
							com.apple.iCloud = {
								enabled = 1;
							};
						};
					};
				};
			};
			buildConfigurationList = C01FCF4E08A954540054247B /* Build configuration list for PBXProject "CFM" */;
			compatibilityVersion = "Xcode 3.2";
			developmentRegion = English;
			hasScannedForEncodings = 1;
			knownRegions = (
				en,
			);
			mainGroup = 29B97314FDCFA39411CA2CEA /* CustomTemplate */;
			projectDirPath = "";
			projectReferences = (
				{
					ProductGroup = 301BF52E109A57CC0062928A /* Products */;
					ProjectRef = 301BF52D109A57CC0062928A /* CordovaLib/CordovaLib.xcodeproj */;
				},
			);
			projectRoot = "";
			targets = (
				1D6058900D05DD3D006BFB54 /* CFM */,
			);
		};
/* End PBXProject section */

/* Begin PBXReferenceProxy section */
		301BF535109A57CC0062928A /* libCordova.a */ = {
			isa = PBXReferenceProxy;
			fileType = archive.ar;
			path = libCordova.a;
			remoteRef = 301BF534109A57CC0062928A /* PBXContainerItemProxy */;
			sourceTree = BUILT_PRODUCTS_DIR;
		};
		4B18CB732034D4270056E2A8 /* Cordova.framework */ = {
			isa = PBXReferenceProxy;
			fileType = wrapper.framework;
			path = Cordova.framework;
			remoteRef = 4B18CB722034D4270056E2A8 /* PBXContainerItemProxy */;
			sourceTree = BUILT_PRODUCTS_DIR;
		};
/* End PBXReferenceProxy section */

/* Begin PBXResourcesBuildPhase section */
		1D60588D0D05DD3D006BFB54 /* Resources */ = {
			isa = PBXResourcesBuildPhase;
			buildActionMask = 2147483647;
			files = (
				4BD51C962034DF13002E61CF /* GoogleService-Info.plist in Resources */,
				302D95F214D2391D003F00A1 /* MainViewController.xib in Resources */,
				0207DA581B56EA530066E2B4 /* Images.xcassets in Resources */,
				6AFF5BF91D6E424B00AB3073 /* CDVLaunchScreen.storyboard in Resources */,
			);
			runOnlyForDeploymentPostprocessing = 0;
		};
/* End PBXResourcesBuildPhase section */

/* Begin PBXShellScriptBuildPhase section */
		304B58A110DAC018002A0835 /* Copy www directory */ = {
			isa = PBXShellScriptBuildPhase;
			buildActionMask = 2147483647;
			files = (
			);
			inputPaths = (
			);
			name = "Copy www directory";
			outputPaths = (
			);
			runOnlyForDeploymentPostprocessing = 0;
			shellPath = /bin/sh;
			shellScript = "NODEJS_PATH=/usr/local/bin; NVM_NODE_PATH=~/.nvm/versions/node/`nvm version 2>/dev/null`/bin; N_NODE_PATH=`find /usr/local/n/versions/node/* -maxdepth 0 -type d 2>/dev/null | tail -1`/bin; XCODE_NODE_PATH=`xcode-select --print-path`/usr/share/xcs/Node/bin; PATH=$NODEJS_PATH:$NVM_NODE_PATH:$N_NODE_PATH:$XCODE_NODE_PATH:$PATH && node cordova/lib/copy-www-build-step.js";
			showEnvVarsInLog = 0;
		};
/* End PBXShellScriptBuildPhase section */

/* Begin PBXSourcesBuildPhase section */
		1D60588E0D05DD3D006BFB54 /* Sources */ = {
			isa = PBXSourcesBuildPhase;
			buildActionMask = 2147483647;
			files = (
				1D60589B0D05DD56006BFB54 /* main.m in Sources */,
				1D3623260D0F684500981E51 /* AppDelegate.m in Sources */,
				302D95F114D2391D003F00A1 /* MainViewController.m in Sources */,
				DAEF4342C1AF463B887D9338 /* CDVFile.m in Sources */,
				A84835CA37CF4581896AE671 /* CDVLocalFilesystem.m in Sources */,
				A440B6729E7A45E584C3DA04 /* CDVAssetLibraryFilesystem.m in Sources */,
				EA4F26B2B15F4ED894F78376 /* CordovaHttpPlugin.m in Sources */,
				8C0C5550F45647FF8607D540 /* TextResponseSerializer.m in Sources */,
				2921CA17837F4D169FBE1028 /* AFHTTPSessionManager.m in Sources */,
				4013972C5E564B698B6509B1 /* AFNetworkReachabilityManager.m in Sources */,
				F2918BAE04CE46A4A528F2EA /* AFSecurityPolicy.m in Sources */,
				9003AB00976045F7A7C657F2 /* AFURLRequestSerialization.m in Sources */,
				16EF6A311F8643EF95F3B9B6 /* AFURLResponseSerialization.m in Sources */,
				57FC5AB03F2F42698DE22BF7 /* AFURLSessionManager.m in Sources */,
				8021AE1753C04BED9171EE1F /* APPBadge.m in Sources */,
				EE60321F73B04B5EAC33372B /* CDVDevice.m in Sources */,
				7EB0A90E60DD4701871B4066 /* FCMPlugin.m in Sources */,
				2E6F466C086E4318950AA535 /* AppDelegate+FCMPlugin.m in Sources */,
				0D3E070157AD416DAA390EA0 /* CDVFileTransfer.m in Sources */,
				527FB8D244504418AEB594CF /* CDVWKWebViewEngine.m in Sources */,
				76D941A5283041F3AE4C71E4 /* CDVWKWebViewUIDelegate.m in Sources */,
				BACD6F601FE542878DE40D4C /* CDVWKProcessPoolFactory.m in Sources */,
				F6DCB1CCA5614F34A5D3B074 /* GCDWebServer.m in Sources */,
				7EA5D4075B9E4A99B4CAFCEC /* GCDWebServerConnection.m in Sources */,
				528B024C81414E57A517DE01 /* GCDWebServerFunctions.m in Sources */,
				0B759B3E06E04DCA8DC3B9E5 /* GCDWebServerRequest.m in Sources */,
				C4640C7185D5468EB5E5610A /* GCDWebServerResponse.m in Sources */,
				6BC33F088BCE4E989956F36C /* GCDWebServerDataRequest.m in Sources */,
				9C3462557EC847BD86218313 /* GCDWebServerFileRequest.m in Sources */,
				94394B6D5B944918BBA32593 /* GCDWebServerMultiPartFormRequest.m in Sources */,
				DB31F3FC6D1146C18DAB852F /* GCDWebServerURLEncodedFormRequest.m in Sources */,
				20E7584059D64D2F89EA7A7D /* GCDWebServerDataResponse.m in Sources */,
				083DFD08D043495AAB53736E /* GCDWebServerErrorResponse.m in Sources */,
				1E5CA2EA6859415898E5A37B /* GCDWebServerFileResponse.m in Sources */,
				F3C33AB801834B9C87FC11B2 /* GCDWebServerStreamedResponse.m in Sources */,
				8303FBC9554D49E8BC12C334 /* APPLocalNotification.m in Sources */,
				BC3F82324B3C403AA8BCB5D0 /* APPNotificationContent.m in Sources */,
				5D11908443A74A31A3EC705A /* APPNotificationOptions.m in Sources */,
				31295579139C449C81A975E5 /* UNUserNotificationCenter+APPLocalNotification.m in Sources */,
				9C91CB409E4342F1A42A240E /* UNNotificationRequest+APPLocalNotification.m in Sources */,
				6E959115AB214A3F88F83BC0 /* CDVSplashScreen.m in Sources */,
				A35B9B9FF7FE4E6C80F904EE /* CDVViewController+SplashScreen.m in Sources */,
				F65C9A2B39A941B096C0D97C /* IonicKeyboard.m in Sources */,
				FA56C68CB81747859E78F74E /* OneSignalPush.m in Sources */,
			);
			runOnlyForDeploymentPostprocessing = 0;
		};
/* End PBXSourcesBuildPhase section */

/* Begin PBXTargetDependency section */
		301BF551109A68C00062928A /* PBXTargetDependency */ = {
			isa = PBXTargetDependency;
			name = CordovaLib;
			targetProxy = 301BF550109A68C00062928A /* PBXContainerItemProxy */;
		};
/* End PBXTargetDependency section */

/* Begin XCBuildConfiguration section */
		1D6058940D05DD3E006BFB54 /* Debug */ = {
			isa = XCBuildConfiguration;
			baseConfigurationReference = 3047A50F1AB8059700498E2A /* build-debug.xcconfig */;
			buildSettings = {
				ALWAYS_SEARCH_USER_PATHS = NO;
				ASSETCATALOG_COMPILER_APPICON_NAME = AppIcon;
				ASSETCATALOG_COMPILER_LAUNCHIMAGE_NAME = LaunchImage;
				CLANG_ENABLE_MODULES = YES;
				CLANG_ENABLE_OBJC_ARC = YES;
				CODE_SIGN_ENTITLEMENTS = CFM/CFM.entitlements;
				COPY_PHASE_STRIP = NO;
				DEVELOPMENT_TEAM = 45DT9Z89H7;
				FRAMEWORK_SEARCH_PATHS = (
					"$(inherited)",
					"CFM/Plugins/cordova-plugin-fcm",
					"CFM/Plugins/cordova-plugin-fcm",
					"CFM/Plugins/cordova-plugin-fcm",
					"CFM/Plugins/cordova-plugin-fcm",
					"CFM/Plugins/cordova-plugin-fcm",
					"CFM/Plugins/cordova-plugin-fcm",
					"CFM/Plugins/cordova-plugin-fcm",
					"CFM/Plugins/cordova-plugin-fcm",
					"$(PROJECT_DIR)/Pods/OneSignal/iOS_SDK/OneSignalSDK/Framework",
				);
				GCC_DYNAMIC_NO_PIC = NO;
				GCC_OPTIMIZATION_LEVEL = 0;
				GCC_PRECOMPILE_PREFIX_HEADER = YES;
				GCC_PREFIX_HEADER = "CFM/CFM-Prefix.pch";
				GCC_THUMB_SUPPORT = NO;
				GCC_VERSION = "";
				INFOPLIST_FILE = "CFM/CFM-Info.plist";
				IPHONEOS_DEPLOYMENT_TARGET = 9.0;
				LD_RUNPATH_SEARCH_PATHS = "@executable_path/Frameworks";
				PRODUCT_BUNDLE_IDENTIFIER = com.cfm.ap;
				PRODUCT_NAME = CFM;
				TARGETED_DEVICE_FAMILY = "1,2";
			};
			name = Debug;
		};
		1D6058950D05DD3E006BFB54 /* Release */ = {
			isa = XCBuildConfiguration;
			baseConfigurationReference = 3047A5101AB8059700498E2A /* build-release.xcconfig */;
			buildSettings = {
				ALWAYS_SEARCH_USER_PATHS = NO;
				ASSETCATALOG_COMPILER_APPICON_NAME = AppIcon;
				ASSETCATALOG_COMPILER_LAUNCHIMAGE_NAME = LaunchImage;
				CLANG_ENABLE_MODULES = YES;
				CLANG_ENABLE_OBJC_ARC = YES;
				CODE_SIGN_ENTITLEMENTS = CFM/CFM.entitlements;
				COPY_PHASE_STRIP = YES;
				DEVELOPMENT_TEAM = 45DT9Z89H7;
				FRAMEWORK_SEARCH_PATHS = (
					"$(inherited)",
					"CFM/Plugins/cordova-plugin-fcm",
					"CFM/Plugins/cordova-plugin-fcm",
					"CFM/Plugins/cordova-plugin-fcm",
					"CFM/Plugins/cordova-plugin-fcm",
					"CFM/Plugins/cordova-plugin-fcm",
					"CFM/Plugins/cordova-plugin-fcm",
					"CFM/Plugins/cordova-plugin-fcm",
					"CFM/Plugins/cordova-plugin-fcm",
					"$(PROJECT_DIR)/Pods/OneSignal/iOS_SDK/OneSignalSDK/Framework",
				);
				GCC_PRECOMPILE_PREFIX_HEADER = YES;
				GCC_PREFIX_HEADER = "CFM/CFM-Prefix.pch";
				GCC_THUMB_SUPPORT = NO;
				GCC_VERSION = "";
				INFOPLIST_FILE = "CFM/CFM-Info.plist";
				IPHONEOS_DEPLOYMENT_TARGET = 9.0;
				LD_RUNPATH_SEARCH_PATHS = "@executable_path/Frameworks";
				PRODUCT_BUNDLE_IDENTIFIER = com.cfm.ap;
				PRODUCT_NAME = CFM;
				TARGETED_DEVICE_FAMILY = "1,2";
			};
			name = Release;
		};
		C01FCF4F08A954540054247B /* Debug */ = {
			isa = XCBuildConfiguration;
			baseConfigurationReference = 3047A5111AB8059700498E2A /* build.xcconfig */;
			buildSettings = {
				CLANG_ENABLE_MODULES = YES;
				CLANG_ENABLE_OBJC_ARC = YES;
				CLANG_WARN_BOOL_CONVERSION = YES;
				CLANG_WARN_CONSTANT_CONVERSION = YES;
				CLANG_WARN_EMPTY_BODY = YES;
				CLANG_WARN_ENUM_CONVERSION = YES;
				CLANG_WARN_INT_CONVERSION = YES;
				CLANG_WARN__DUPLICATE_METHOD_MATCH = YES;
				GCC_C_LANGUAGE_STANDARD = c99;
				GCC_THUMB_SUPPORT = NO;
				GCC_VERSION = "";
				GCC_WARN_ABOUT_RETURN_TYPE = YES;
				GCC_WARN_UNDECLARED_SELECTOR = YES;
				GCC_WARN_UNINITIALIZED_AUTOS = YES;
				GCC_WARN_UNUSED_FUNCTION = YES;
				GCC_WARN_UNUSED_VARIABLE = YES;
				ONLY_ACTIVE_ARCH = YES;
				SDKROOT = iphoneos;
				SKIP_INSTALL = NO;
			};
			name = Debug;
		};
		C01FCF5008A954540054247B /* Release */ = {
			isa = XCBuildConfiguration;
			baseConfigurationReference = 3047A5111AB8059700498E2A /* build.xcconfig */;
			buildSettings = {
				CLANG_ENABLE_MODULES = YES;
				CLANG_ENABLE_OBJC_ARC = YES;
				CLANG_WARN_BOOL_CONVERSION = YES;
				CLANG_WARN_CONSTANT_CONVERSION = YES;
				CLANG_WARN_EMPTY_BODY = YES;
				CLANG_WARN_ENUM_CONVERSION = YES;
				CLANG_WARN_INT_CONVERSION = YES;
				CLANG_WARN__DUPLICATE_METHOD_MATCH = YES;
				GCC_C_LANGUAGE_STANDARD = c99;
				GCC_THUMB_SUPPORT = NO;
				GCC_VERSION = "";
				GCC_WARN_ABOUT_RETURN_TYPE = YES;
				GCC_WARN_UNDECLARED_SELECTOR = YES;
				GCC_WARN_UNINITIALIZED_AUTOS = YES;
				GCC_WARN_UNUSED_FUNCTION = YES;
				GCC_WARN_UNUSED_VARIABLE = YES;
				SDKROOT = iphoneos;
				SKIP_INSTALL = NO;
			};
			name = Release;
		};
/* End XCBuildConfiguration section */

/* Begin XCConfigurationList section */
		1D6058960D05DD3E006BFB54 /* Build configuration list for PBXNativeTarget "CFM" */ = {
			isa = XCConfigurationList;
			buildConfigurations = (
				1D6058940D05DD3E006BFB54 /* Debug */,
				1D6058950D05DD3E006BFB54 /* Release */,
			);
			defaultConfigurationIsVisible = 0;
			defaultConfigurationName = Release;
		};
		C01FCF4E08A954540054247B /* Build configuration list for PBXProject "CFM" */ = {
			isa = XCConfigurationList;
			buildConfigurations = (
				C01FCF4F08A954540054247B /* Debug */,
				C01FCF5008A954540054247B /* Release */,
			);
			defaultConfigurationIsVisible = 0;
			defaultConfigurationName = Release;
		};
/* End XCConfigurationList section */
	};
	rootObject = 29B97313FDCFA39411CA2CEA /* Project object */;
}
