// !$*UTF8*$!
{
	archiveVersion = 1;
	classes = {
	};
	objectVersion = 46;
	objects = {
/* Begin PBXBuildFile section */
		0207DA581B56EA530066E2B4 /* Images.xcassets in Resources */ = {isa = PBXBuildFile; fileRef = 0207DA571B56EA530066E2B4 /* Images.xcassets */; };
		1D3623260D0F684500981E51 /* AppDelegate.m in Sources */ = {isa = PBXBuildFile; fileRef = 1D3623250D0F684500981E51 /* AppDelegate.m */; };
		1D60589B0D05DD56006BFB54 /* main.m in Sources */ = {isa = PBXBuildFile; fileRef = 29B97316FDCFA39411CA2CEA /* main.m */; };
		301BF552109A68D80062928A /* libCordova.a in Frameworks */ = {isa = PBXBuildFile; fileRef = 301BF535109A57CC0062928A /* libCordova.a */; };
		302D95F114D2391D003F00A1 /* MainViewController.m in Sources */ = {isa = PBXBuildFile; fileRef = 302D95EF14D2391D003F00A1 /* MainViewController.m */; };
		302D95F214D2391D003F00A1 /* MainViewController.xib in Resources */ = {isa = PBXBuildFile; fileRef = 302D95F014D2391D003F00A1 /* MainViewController.xib */; };
		3047A5121AB8059700498E2A /* build-debug.xcconfig in Resources */ = {isa = PBXBuildFile; fileRef = 3047A50F1AB8059700498E2A /* build-debug.xcconfig */; };
		3047A5131AB8059700498E2A /* build-release.xcconfig in Resources */ = {isa = PBXBuildFile; fileRef = 3047A5101AB8059700498E2A /* build-release.xcconfig */; };
		3047A5141AB8059700498E2A /* build.xcconfig in Resources */ = {isa = PBXBuildFile; fileRef = 3047A5111AB8059700498E2A /* build.xcconfig */; };
		6AFF5BF91D6E424B00AB3073 /* CDVLaunchScreen.storyboard in Resources */ = {isa = PBXBuildFile; fileRef = 6AFF5BF81D6E424B00AB3073 /* CDVLaunchScreen.storyboard */; };
		C7651C1222C24EB18A160B8F /* CDVFile.m in Sources */ = {isa = PBXBuildFile; fileRef = D89AF673B2104CB5BE17B54D /* CDVFile.m */; };
		E4C9406F4D7C482DAA0ABD89 /* CDVLocalFilesystem.m in Sources */ = {isa = PBXBuildFile; fileRef = 3DD2AB1E52794724932D6419 /* CDVLocalFilesystem.m */; };
		F10120036BFC4D0D87C4AD91 /* CDVAssetLibraryFilesystem.m in Sources */ = {isa = PBXBuildFile; fileRef = 0247F474A94F44388C694D25 /* CDVAssetLibraryFilesystem.m */; };
		651CA1E0424742B3B1486F1A /* CordovaHttpPlugin.m in Sources */ = {isa = PBXBuildFile; fileRef = 628AEDCD9AA34E70A3C1C773 /* CordovaHttpPlugin.m */; };
		AE81A34415F54C6CA69140DD /* TextResponseSerializer.m in Sources */ = {isa = PBXBuildFile; fileRef = D07DBC2E4B754BB484E24B2C /* TextResponseSerializer.m */; };
		74D2F6D6D5F44F44B3CA2F83 /* AFHTTPSessionManager.m in Sources */ = {isa = PBXBuildFile; fileRef = 34C654EFA48F47478659B82A /* AFHTTPSessionManager.m */; };
		475DA5881AD44DD7B3CB0E8E /* AFNetworkReachabilityManager.m in Sources */ = {isa = PBXBuildFile; fileRef = 50414DE59CAD4BBB9970ED5B /* AFNetworkReachabilityManager.m */; };
		4AFF8999DAE44B328FC6B806 /* AFSecurityPolicy.m in Sources */ = {isa = PBXBuildFile; fileRef = 2E08F147B8F4446F9B17084A /* AFSecurityPolicy.m */; };
		DBA07B9A795C431F9243E521 /* AFURLRequestSerialization.m in Sources */ = {isa = PBXBuildFile; fileRef = C00DFA9B623545379BD08B13 /* AFURLRequestSerialization.m */; };
		9C3613EF81474533970C6137 /* AFURLResponseSerialization.m in Sources */ = {isa = PBXBuildFile; fileRef = FB17C1DED7E044A3A55B6A82 /* AFURLResponseSerialization.m */; };
		E2493A90C0644A57BC839A14 /* AFURLSessionManager.m in Sources */ = {isa = PBXBuildFile; fileRef = F882E6A780024D168BE5B377 /* AFURLSessionManager.m */; };
		E2A6FEE6E99C44F2B02CD2B6 /* Security.framework in Frameworks */ = {isa = PBXBuildFile; fileRef = 7D7474BC86EF4C92AF70B45B /* Security.framework */; };
		05A558044C2449B7B04DB588 /* SystemConfiguration.framework in Frameworks */ = {isa = PBXBuildFile; fileRef = A66D56781D854DDD857798CB /* SystemConfiguration.framework */; };
		FD40D40A648E4B33A0F8E963 /* APPBadge.m in Sources */ = {isa = PBXBuildFile; fileRef = 4012ED866B3943D1B71ACBD2 /* APPBadge.m */; };
		3E66D4F61ADA4369976ABA62 /* CDVDevice.m in Sources */ = {isa = PBXBuildFile; fileRef = F2B464A093F5427996A1A013 /* CDVDevice.m */; };
		A600ABF83AC044549BBFF311 /* libz.tbd in Frameworks */ = {isa = PBXBuildFile; fileRef = 25447C03E2E7453C937C313C /* libz.tbd */; };
		4F78058F057B49F9BE0623B4 /* FCMPlugin.m in Sources */ = {isa = PBXBuildFile; fileRef = 06C8E07D0E71455EA0502A4C /* FCMPlugin.m */; };
		B8D0ED03C27549E49531CD96 /* AppDelegate+FCMPlugin.m in Sources */ = {isa = PBXBuildFile; fileRef = 976D20A61DE14053A6074A13 /* AppDelegate+FCMPlugin.m */; };
		2709B153C68A4AFA885B3613 /* GoogleService-Info.plist in Resources */ = {isa = PBXBuildFile; fileRef = 45E1BF6F49864CF9B8FAE832 /* GoogleService-Info.plist */; };
		5C6BBA7C91284C6FB41D887A /* FirebaseAnalytics.framework in Frameworks */ = {isa = PBXBuildFile; fileRef = F0CFDB38EBFC495D99C87625 /* FirebaseAnalytics.framework */; };
		2176773F2CC64EC2B84B721F /* FirebaseCore.framework in Frameworks */ = {isa = PBXBuildFile; fileRef = 29382FB426934C6B8A054009 /* FirebaseCore.framework */; };
		04930E8E09E1487C801D8C19 /* FirebaseInstanceID.framework in Frameworks */ = {isa = PBXBuildFile; fileRef = 8E93BD9846474F0D9574F424 /* FirebaseInstanceID.framework */; };
		7400EF63445142F99E06A661 /* FirebaseMessaging.framework in Frameworks */ = {isa = PBXBuildFile; fileRef = 7DFD9891048C4FB6A6CBA3E3 /* FirebaseMessaging.framework */; };
		4D2784FD4E5843A494D1DE10 /* GoogleInterchangeUtilities.framework in Frameworks */ = {isa = PBXBuildFile; fileRef = 6825D2ABAD3449F5A4317ACA /* GoogleInterchangeUtilities.framework */; };
		175802B33B554B789E1D9C89 /* GoogleIPhoneUtilities.framework in Frameworks */ = {isa = PBXBuildFile; fileRef = C129BA4664384C7B86D7FE4A /* GoogleIPhoneUtilities.framework */; };
		CC9579DCF04740549039B7B3 /* GoogleSymbolUtilities.framework in Frameworks */ = {isa = PBXBuildFile; fileRef = 27EF88807A09449787065312 /* GoogleSymbolUtilities.framework */; };
		87F9FEDDA9DC41698DA2FF0D /* GoogleUtilities.framework in Frameworks */ = {isa = PBXBuildFile; fileRef = 8868D2CECC0A4BF6AC54DD78 /* GoogleUtilities.framework */; };
		CD98422087264860BF10F193 /* libc++.tbd in Frameworks */ = {isa = PBXBuildFile; fileRef = BE049D30A9CB473B9BF746A0 /* libc++.tbd */; };
		7DA60254BD5746E38F8755B6 /* AddressBook.framework in Frameworks */ = {isa = PBXBuildFile; fileRef = FAC670AF5A75491EAFD3D43C /* AddressBook.framework */; };
		714D25E7F3C5423F897AA15D /* libsqlite3.0.tbd in Frameworks */ = {isa = PBXBuildFile; fileRef = 52F63EC8764A473D8A755145 /* libsqlite3.0.tbd */; };
		9599EEA3AC1044BAA0BE460A /* CDVWKWebViewEngine.m in Sources */ = {isa = PBXBuildFile; fileRef = 2AE00D45F0A146A1B2150459 /* CDVWKWebViewEngine.m */; };
		A6C140CB28CC429FA3E1313A /* CDVWKWebViewUIDelegate.m in Sources */ = {isa = PBXBuildFile; fileRef = 66FBDD091CE24384A9B77D7B /* CDVWKWebViewUIDelegate.m */; };
		651E8CA8492D4642889DFA19 /* CDVWKProcessPoolFactory.m in Sources */ = {isa = PBXBuildFile; fileRef = F5BE0D994C7C4D04A1559DC6 /* CDVWKProcessPoolFactory.m */; };
		F55F98DC42A74752917B2780 /* GCDWebServer.m in Sources */ = {isa = PBXBuildFile; fileRef = A11880B0B7354957B94FF05D /* GCDWebServer.m */; };
		D8B1BA1D337749B5A3E2A8AC /* GCDWebServerConnection.m in Sources */ = {isa = PBXBuildFile; fileRef = E80ABCC21C184A1897CE5180 /* GCDWebServerConnection.m */; };
		7165E60261144BFEB992170D /* GCDWebServerFunctions.m in Sources */ = {isa = PBXBuildFile; fileRef = AF03A62CC1764D89967EC4DA /* GCDWebServerFunctions.m */; };
		45A901F81E244F7CB5C67A36 /* GCDWebServerRequest.m in Sources */ = {isa = PBXBuildFile; fileRef = B2EAA1C7F203449CB863D322 /* GCDWebServerRequest.m */; };
		5FF37E9894A848CEABA58F1D /* GCDWebServerResponse.m in Sources */ = {isa = PBXBuildFile; fileRef = 91AC2E6623A44210BC058B43 /* GCDWebServerResponse.m */; };
		93DC90734FC54CB8BF81D98A /* GCDWebServerDataRequest.m in Sources */ = {isa = PBXBuildFile; fileRef = 537B3B4F828D432AA0C935DD /* GCDWebServerDataRequest.m */; };
		8F633BCF707540B9BFC0D9A7 /* GCDWebServerFileRequest.m in Sources */ = {isa = PBXBuildFile; fileRef = 9E8DEED4A42349589FA4C204 /* GCDWebServerFileRequest.m */; };
		AF9C4221758447C88C844271 /* GCDWebServerMultiPartFormRequest.m in Sources */ = {isa = PBXBuildFile; fileRef = E448807CCB0C4A55A111EBAD /* GCDWebServerMultiPartFormRequest.m */; };
		A200BDC5103C487A8067DC00 /* GCDWebServerURLEncodedFormRequest.m in Sources */ = {isa = PBXBuildFile; fileRef = 8C527FF25E994ED6B9434219 /* GCDWebServerURLEncodedFormRequest.m */; };
		9AF028B976F7467A9976A0BB /* GCDWebServerDataResponse.m in Sources */ = {isa = PBXBuildFile; fileRef = 3992EDA6B32641129BB03F81 /* GCDWebServerDataResponse.m */; };
		7C7BF0FD71784C9696A184D5 /* GCDWebServerErrorResponse.m in Sources */ = {isa = PBXBuildFile; fileRef = BC6A30B537E94A83B8DB35F2 /* GCDWebServerErrorResponse.m */; };
		7EDCFFF82E0F4A2180D48DE9 /* GCDWebServerFileResponse.m in Sources */ = {isa = PBXBuildFile; fileRef = 260C463E4E6D4E349C0B06BF /* GCDWebServerFileResponse.m */; };
		32529B34FB97449FB3BE7A4A /* GCDWebServerStreamedResponse.m in Sources */ = {isa = PBXBuildFile; fileRef = D7645BE784FB45AE8C93B8A8 /* GCDWebServerStreamedResponse.m */; };
		78FE518E622B43A89489C5F1 /* WebKit.framework in Frameworks */ = {isa = PBXBuildFile; fileRef = 87876107783D4E13848DA6D5 /* WebKit.framework */; settings = {ATTRIBUTES = (Weak, ); }; };
		17CA93A27D7047A3AD32CCF0 /* APPLocalNotification.m in Sources */ = {isa = PBXBuildFile; fileRef = F6724F54740E4F878EF9AF3C /* APPLocalNotification.m */; };
		5478AA47F5734D91933BA7A3 /* APPNotificationContent.m in Sources */ = {isa = PBXBuildFile; fileRef = 9483B63D9BD04D8699EB8094 /* APPNotificationContent.m */; };
		534B1A3CB832494484C9881E /* APPNotificationOptions.m in Sources */ = {isa = PBXBuildFile; fileRef = 930AEBE1D54E4E3D9A084B19 /* APPNotificationOptions.m */; };
		36DC47B3455246C1859D6CBF /* UNUserNotificationCenter+APPLocalNotification.m in Sources */ = {isa = PBXBuildFile; fileRef = AC02ECE1C02B4F228191EEBC /* UNUserNotificationCenter+APPLocalNotification.m */; };
		49CA277FC6DC47069F43B8F6 /* UNNotificationRequest+APPLocalNotification.m in Sources */ = {isa = PBXBuildFile; fileRef = 78AC1FE07503449789087F15 /* UNNotificationRequest+APPLocalNotification.m */; };
		C7EBD5AEA4514836ACE3D7EF /* UserNotifications.framework in Frameworks */ = {isa = PBXBuildFile; fileRef = 1BF44936869D4F4998BDEEB5 /* UserNotifications.framework */; };
		87AD855719EF4BC68266062D /* CoreLocation.framework in Frameworks */ = {isa = PBXBuildFile; fileRef = FD6D0CBE3DF74F3EA36D9E18 /* CoreLocation.framework */; };
		0D4EE6E385FF4A4B98B56643 /* CDVSplashScreen.m in Sources */ = {isa = PBXBuildFile; fileRef = 3FE3CC261D6A4C5E989F63C8 /* CDVSplashScreen.m */; };
		C6B636B3878A45AAA5EA1D91 /* CDVViewController+SplashScreen.m in Sources */ = {isa = PBXBuildFile; fileRef = 406C25B277D849C282298978 /* CDVViewController+SplashScreen.m */; };
		D73AA0CF060F4CCBA21B02CA /* IonicKeyboard.m in Sources */ = {isa = PBXBuildFile; fileRef = 3DFB8DA56FCB4D269425EFCB /* IonicKeyboard.m */; };
		9E9FF6CBDEC941D7B6B7BBF3 /* OneSignalPush.m in Sources */ = {isa = PBXBuildFile; fileRef = DCD4CD5AA3E74E3EB6E5DD7A /* OneSignalPush.m */; };
		20F8BCCCA4BA4211941C2450 /* AppDelegate+notification.m in Sources */ = {isa = PBXBuildFile; fileRef = CE51F47841664C359059783B /* AppDelegate+notification.m */; };
		204B3F921FE847009F53E668 /* PushPlugin.m in Sources */ = {isa = PBXBuildFile; fileRef = 478ED50C56264EDFB46532E8 /* PushPlugin.m */; };
/* End PBXBuildFile section */

/* Begin PBXContainerItemProxy section */
		301BF534109A57CC0062928A /* PBXContainerItemProxy */ = {
			isa = PBXContainerItemProxy;
			containerPortal = 301BF52D109A57CC0062928A /* CordovaLib.xcodeproj */;
			proxyType = 2;
			remoteGlobalIDString = D2AAC07E0554694100DB518D;
			remoteInfo = CordovaLib;
		};
		301BF550109A68C00062928A /* PBXContainerItemProxy */ = {
			isa = PBXContainerItemProxy;
			containerPortal = 301BF52D109A57CC0062928A /* CordovaLib.xcodeproj */;
			proxyType = 1;
			remoteGlobalIDString = D2AAC07D0554694100DB518D;
			remoteInfo = CordovaLib;
		};
/* End PBXContainerItemProxy section */

/* Begin PBXFileReference section */
		0207DA571B56EA530066E2B4 /* Images.xcassets */ = {isa = PBXFileReference; lastKnownFileType = folder.assetcatalog; name = Images.xcassets; path = "CFM/Images.xcassets"; sourceTree = SOURCE_ROOT; };
		1D3623240D0F684500981E51 /* AppDelegate.h */ = {isa = PBXFileReference; fileEncoding = 4; lastKnownFileType = sourcecode.c.h; path = AppDelegate.h; sourceTree = "<group>"; };
		1D3623250D0F684500981E51 /* AppDelegate.m */ = {isa = PBXFileReference; fileEncoding = 4; lastKnownFileType = sourcecode.c.objc; path = AppDelegate.m; sourceTree = "<group>"; };
		1D6058910D05DD3D006BFB54 /* CFM.app */ = {isa = PBXFileReference; explicitFileType = wrapper.application; includeInIndex = 0; path = "CFM.app"; sourceTree = BUILT_PRODUCTS_DIR; };
		29B97316FDCFA39411CA2CEA /* main.m */ = {isa = PBXFileReference; fileEncoding = 4; lastKnownFileType = sourcecode.c.objc; path = main.m; sourceTree = "<group>"; };
		301BF52D109A57CC0062928A /* CordovaLib.xcodeproj */ = {isa = PBXFileReference; lastKnownFileType = "wrapper.pb-project"; path = CordovaLib/CordovaLib.xcodeproj; sourceTree = "<group>"; };
		301BF56E109A69640062928A /* www */ = {isa = PBXFileReference; lastKnownFileType = folder; path = www; sourceTree = SOURCE_ROOT; };
		302D95EE14D2391D003F00A1 /* MainViewController.h */ = {isa = PBXFileReference; fileEncoding = 4; lastKnownFileType = sourcecode.c.h; path = MainViewController.h; sourceTree = "<group>"; };
		302D95EF14D2391D003F00A1 /* MainViewController.m */ = {isa = PBXFileReference; fileEncoding = 4; lastKnownFileType = sourcecode.c.objc; path = MainViewController.m; sourceTree = "<group>"; };
		302D95F014D2391D003F00A1 /* MainViewController.xib */ = {isa = PBXFileReference; fileEncoding = 4; lastKnownFileType = file.xib; path = MainViewController.xib; sourceTree = "<group>"; };
		3047A50F1AB8059700498E2A /* build-debug.xcconfig */ = {isa = PBXFileReference; fileEncoding = 4; lastKnownFileType = text.xcconfig; name = "build-debug.xcconfig"; path = cordova/build-debug.xcconfig; sourceTree = SOURCE_ROOT; };
		3047A5101AB8059700498E2A /* build-release.xcconfig */ = {isa = PBXFileReference; fileEncoding = 4; lastKnownFileType = text.xcconfig; name = "build-release.xcconfig"; path = cordova/build-release.xcconfig; sourceTree = SOURCE_ROOT; };
		3047A5111AB8059700498E2A /* build.xcconfig */ = {isa = PBXFileReference; fileEncoding = 4; lastKnownFileType = text.xcconfig; name = build.xcconfig; path = cordova/build.xcconfig; sourceTree = SOURCE_ROOT; };
		32CA4F630368D1EE00C91783 /* CFM-Prefix.pch */ = {isa = PBXFileReference; fileEncoding = 4; lastKnownFileType = sourcecode.c.h; path = "CFM-Prefix.pch"; sourceTree = "<group>"; };
		6AFF5BF81D6E424B00AB3073 /* CDVLaunchScreen.storyboard */ = {isa = PBXFileReference; fileEncoding = 4; lastKnownFileType = file.storyboard; name = CDVLaunchScreen.storyboard; path = "CFM/CDVLaunchScreen.storyboard"; sourceTree = SOURCE_ROOT; };
		8D1107310486CEB800E47090 /* CFM-Info.plist */ = {isa = PBXFileReference; fileEncoding = 4; lastKnownFileType = text.plist.xml; name = "CFM-Info.plist"; path = "CFM/CFM-Info.plist"; plistStructureDefinitionIdentifier = "com.apple.xcode.plist.structure-definition.iphone.info-plist"; sourceTree = SOURCE_ROOT; };
		EB87FDF31871DA8E0020F90C /* www */ = {isa = PBXFileReference; lastKnownFileType = folder; name = www; path = ../../www; sourceTree = "<group>"; };
		EB87FDF41871DAF40020F90C /* config.xml */ = {isa = PBXFileReference; lastKnownFileType = text.xml; name = config.xml; path = ../../config.xml; sourceTree = "<group>"; };
		F840E1F0165FE0F500CFE078 /* config.xml */ = {isa = PBXFileReference; lastKnownFileType = text.xml; name = config.xml; path = "CFM/config.xml"; sourceTree = "<group>"; };
		ED33DF2A687741AEAF9F8254 /* Bridging-Header.h */ = {isa = PBXFileReference; fileEncoding = 4; lastKnownFileType = sourcecode.c.h; name = "Bridging-Header.h"; path = "Bridging-Header.h"; sourceTree = "<group>"; };
		D89AF673B2104CB5BE17B54D /* CDVFile.m */ = {isa = PBXFileReference; name = "CDVFile.m"; path = "cordova-plugin-file/CDVFile.m"; sourceTree = "<group>"; fileEncoding = 4; lastKnownFileType = sourcecode.c.objc; explicitFileType = undefined; includeInIndex = 0; };
		3DD2AB1E52794724932D6419 /* CDVLocalFilesystem.m */ = {isa = PBXFileReference; name = "CDVLocalFilesystem.m"; path = "cordova-plugin-file/CDVLocalFilesystem.m"; sourceTree = "<group>"; fileEncoding = 4; lastKnownFileType = sourcecode.c.objc; explicitFileType = undefined; includeInIndex = 0; };
		0247F474A94F44388C694D25 /* CDVAssetLibraryFilesystem.m */ = {isa = PBXFileReference; name = "CDVAssetLibraryFilesystem.m"; path = "cordova-plugin-file/CDVAssetLibraryFilesystem.m"; sourceTree = "<group>"; fileEncoding = 4; lastKnownFileType = sourcecode.c.objc; explicitFileType = undefined; includeInIndex = 0; };
		E57A695F586E44048A2CBD61 /* CDVFile.h */ = {isa = PBXFileReference; name = "CDVFile.h"; path = "cordova-plugin-file/CDVFile.h"; sourceTree = "<group>"; fileEncoding = 4; lastKnownFileType = sourcecode.c.h; explicitFileType = undefined; includeInIndex = 0; };
		FD68A4A6F09B4C00802EB2FD /* CDVLocalFilesystem.h */ = {isa = PBXFileReference; name = "CDVLocalFilesystem.h"; path = "cordova-plugin-file/CDVLocalFilesystem.h"; sourceTree = "<group>"; fileEncoding = 4; lastKnownFileType = sourcecode.c.h; explicitFileType = undefined; includeInIndex = 0; };
		0DECCB556FC14807B4F4F390 /* CDVAssetLibraryFilesystem.h */ = {isa = PBXFileReference; name = "CDVAssetLibraryFilesystem.h"; path = "cordova-plugin-file/CDVAssetLibraryFilesystem.h"; sourceTree = "<group>"; fileEncoding = 4; lastKnownFileType = sourcecode.c.h; explicitFileType = undefined; includeInIndex = 0; };
		628AEDCD9AA34E70A3C1C773 /* CordovaHttpPlugin.m */ = {isa = PBXFileReference; name = "CordovaHttpPlugin.m"; path = "cordova-plugin-advanced-http/CordovaHttpPlugin.m"; sourceTree = "<group>"; fileEncoding = 4; lastKnownFileType = sourcecode.c.objc; explicitFileType = undefined; includeInIndex = 0; };
		D07DBC2E4B754BB484E24B2C /* TextResponseSerializer.m */ = {isa = PBXFileReference; name = "TextResponseSerializer.m"; path = "cordova-plugin-advanced-http/TextResponseSerializer.m"; sourceTree = "<group>"; fileEncoding = 4; lastKnownFileType = sourcecode.c.objc; explicitFileType = undefined; includeInIndex = 0; };
		34C654EFA48F47478659B82A /* AFHTTPSessionManager.m */ = {isa = PBXFileReference; name = "AFHTTPSessionManager.m"; path = "cordova-plugin-advanced-http/AFHTTPSessionManager.m"; sourceTree = "<group>"; fileEncoding = 4; lastKnownFileType = sourcecode.c.objc; explicitFileType = undefined; includeInIndex = 0; };
		50414DE59CAD4BBB9970ED5B /* AFNetworkReachabilityManager.m */ = {isa = PBXFileReference; name = "AFNetworkReachabilityManager.m"; path = "cordova-plugin-advanced-http/AFNetworkReachabilityManager.m"; sourceTree = "<group>"; fileEncoding = 4; lastKnownFileType = sourcecode.c.objc; explicitFileType = undefined; includeInIndex = 0; };
		2E08F147B8F4446F9B17084A /* AFSecurityPolicy.m */ = {isa = PBXFileReference; name = "AFSecurityPolicy.m"; path = "cordova-plugin-advanced-http/AFSecurityPolicy.m"; sourceTree = "<group>"; fileEncoding = 4; lastKnownFileType = sourcecode.c.objc; explicitFileType = undefined; includeInIndex = 0; };
		C00DFA9B623545379BD08B13 /* AFURLRequestSerialization.m */ = {isa = PBXFileReference; name = "AFURLRequestSerialization.m"; path = "cordova-plugin-advanced-http/AFURLRequestSerialization.m"; sourceTree = "<group>"; fileEncoding = 4; lastKnownFileType = sourcecode.c.objc; explicitFileType = undefined; includeInIndex = 0; };
		FB17C1DED7E044A3A55B6A82 /* AFURLResponseSerialization.m */ = {isa = PBXFileReference; name = "AFURLResponseSerialization.m"; path = "cordova-plugin-advanced-http/AFURLResponseSerialization.m"; sourceTree = "<group>"; fileEncoding = 4; lastKnownFileType = sourcecode.c.objc; explicitFileType = undefined; includeInIndex = 0; };
		F882E6A780024D168BE5B377 /* AFURLSessionManager.m */ = {isa = PBXFileReference; name = "AFURLSessionManager.m"; path = "cordova-plugin-advanced-http/AFURLSessionManager.m"; sourceTree = "<group>"; fileEncoding = 4; lastKnownFileType = sourcecode.c.objc; explicitFileType = undefined; includeInIndex = 0; };
		BADAC7C0B19940EDAF458CE4 /* CordovaHttpPlugin.h */ = {isa = PBXFileReference; name = "CordovaHttpPlugin.h"; path = "cordova-plugin-advanced-http/CordovaHttpPlugin.h"; sourceTree = "<group>"; fileEncoding = 4; lastKnownFileType = sourcecode.c.h; explicitFileType = undefined; includeInIndex = 0; };
		FAB50E8DAB1C40CE890D5A1D /* TextResponseSerializer.h */ = {isa = PBXFileReference; name = "TextResponseSerializer.h"; path = "cordova-plugin-advanced-http/TextResponseSerializer.h"; sourceTree = "<group>"; fileEncoding = 4; lastKnownFileType = sourcecode.c.h; explicitFileType = undefined; includeInIndex = 0; };
		E979B6F809684AF5B42099F0 /* AFHTTPSessionManager.h */ = {isa = PBXFileReference; name = "AFHTTPSessionManager.h"; path = "cordova-plugin-advanced-http/AFHTTPSessionManager.h"; sourceTree = "<group>"; fileEncoding = 4; lastKnownFileType = sourcecode.c.h; explicitFileType = undefined; includeInIndex = 0; };
		D9424E64C4E54162B27A06C7 /* AFNetworking.h */ = {isa = PBXFileReference; name = "AFNetworking.h"; path = "cordova-plugin-advanced-http/AFNetworking.h"; sourceTree = "<group>"; fileEncoding = 4; lastKnownFileType = sourcecode.c.h; explicitFileType = undefined; includeInIndex = 0; };
		30A2B6912F1A4EE3ADB5702D /* AFNetworkReachabilityManager.h */ = {isa = PBXFileReference; name = "AFNetworkReachabilityManager.h"; path = "cordova-plugin-advanced-http/AFNetworkReachabilityManager.h"; sourceTree = "<group>"; fileEncoding = 4; lastKnownFileType = sourcecode.c.h; explicitFileType = undefined; includeInIndex = 0; };
		35ABB288FF6E4CBE97228A50 /* AFSecurityPolicy.h */ = {isa = PBXFileReference; name = "AFSecurityPolicy.h"; path = "cordova-plugin-advanced-http/AFSecurityPolicy.h"; sourceTree = "<group>"; fileEncoding = 4; lastKnownFileType = sourcecode.c.h; explicitFileType = undefined; includeInIndex = 0; };
		E70021F04E5C44738B16E5DA /* AFURLRequestSerialization.h */ = {isa = PBXFileReference; name = "AFURLRequestSerialization.h"; path = "cordova-plugin-advanced-http/AFURLRequestSerialization.h"; sourceTree = "<group>"; fileEncoding = 4; lastKnownFileType = sourcecode.c.h; explicitFileType = undefined; includeInIndex = 0; };
		50286E5818204FAD83D75B0F /* AFURLResponseSerialization.h */ = {isa = PBXFileReference; name = "AFURLResponseSerialization.h"; path = "cordova-plugin-advanced-http/AFURLResponseSerialization.h"; sourceTree = "<group>"; fileEncoding = 4; lastKnownFileType = sourcecode.c.h; explicitFileType = undefined; includeInIndex = 0; };
		EBACD6C7526E44F49C870DD8 /* AFURLSessionManager.h */ = {isa = PBXFileReference; name = "AFURLSessionManager.h"; path = "cordova-plugin-advanced-http/AFURLSessionManager.h"; sourceTree = "<group>"; fileEncoding = 4; lastKnownFileType = sourcecode.c.h; explicitFileType = undefined; includeInIndex = 0; };
		7D7474BC86EF4C92AF70B45B /* Security.framework */ = {isa = PBXFileReference; name = "Security.framework"; path = "System/Library/Frameworks/Security.framework"; sourceTree = SDKROOT; fileEncoding = undefined; lastKnownFileType = wrapper.framework; explicitFileType = undefined; includeInIndex = 0; };
		A66D56781D854DDD857798CB /* SystemConfiguration.framework */ = {isa = PBXFileReference; name = "SystemConfiguration.framework"; path = "System/Library/Frameworks/SystemConfiguration.framework"; sourceTree = SDKROOT; fileEncoding = undefined; lastKnownFileType = wrapper.framework; explicitFileType = undefined; includeInIndex = 0; };
		4012ED866B3943D1B71ACBD2 /* APPBadge.m */ = {isa = PBXFileReference; name = "APPBadge.m"; path = "cordova-plugin-badge/APPBadge.m"; sourceTree = "<group>"; fileEncoding = 4; lastKnownFileType = sourcecode.c.objc; explicitFileType = undefined; includeInIndex = 0; };
		B17CC61E035C4BAA883F0E46 /* APPBadge.h */ = {isa = PBXFileReference; name = "APPBadge.h"; path = "cordova-plugin-badge/APPBadge.h"; sourceTree = "<group>"; fileEncoding = 4; lastKnownFileType = sourcecode.c.h; explicitFileType = undefined; includeInIndex = 0; };
		F2B464A093F5427996A1A013 /* CDVDevice.m */ = {isa = PBXFileReference; name = "CDVDevice.m"; path = "cordova-plugin-device/CDVDevice.m"; sourceTree = "<group>"; fileEncoding = 4; lastKnownFileType = sourcecode.c.objc; explicitFileType = undefined; includeInIndex = 0; };
		679B62175005468CBAFDDC81 /* CDVDevice.h */ = {isa = PBXFileReference; name = "CDVDevice.h"; path = "cordova-plugin-device/CDVDevice.h"; sourceTree = "<group>"; fileEncoding = 4; lastKnownFileType = sourcecode.c.h; explicitFileType = undefined; includeInIndex = 0; };
		25447C03E2E7453C937C313C /* libz.tbd */ = {isa = PBXFileReference; name = "libz.tbd"; path = "usr/lib/libz.tbd"; sourceTree = SDKROOT; fileEncoding = undefined; lastKnownFileType = sourcecode.text-based-dylib-definition; explicitFileType = undefined; includeInIndex = 0; };
		06C8E07D0E71455EA0502A4C /* FCMPlugin.m */ = {isa = PBXFileReference; name = "FCMPlugin.m"; path = "cordova-plugin-fcm/FCMPlugin.m"; sourceTree = "<group>"; fileEncoding = 4; lastKnownFileType = sourcecode.c.objc; explicitFileType = undefined; includeInIndex = 0; };
		976D20A61DE14053A6074A13 /* AppDelegate+FCMPlugin.m */ = {isa = PBXFileReference; name = "AppDelegate+FCMPlugin.m"; path = "cordova-plugin-fcm/AppDelegate+FCMPlugin.m"; sourceTree = "<group>"; fileEncoding = 4; lastKnownFileType = sourcecode.c.objc; explicitFileType = undefined; includeInIndex = 0; };
		EF29909A12EA41B19B6ED718 /* FCMPlugin.h */ = {isa = PBXFileReference; name = "FCMPlugin.h"; path = "cordova-plugin-fcm/FCMPlugin.h"; sourceTree = "<group>"; fileEncoding = 4; lastKnownFileType = sourcecode.c.h; explicitFileType = undefined; includeInIndex = 0; };
		6B1114C30B9D47C5A4C6274E /* AppDelegate+FCMPlugin.h */ = {isa = PBXFileReference; name = "AppDelegate+FCMPlugin.h"; path = "cordova-plugin-fcm/AppDelegate+FCMPlugin.h"; sourceTree = "<group>"; fileEncoding = 4; lastKnownFileType = sourcecode.c.h; explicitFileType = undefined; includeInIndex = 0; };
		4990E107745F4FB889ED0BC1 /* Firebase.h */ = {isa = PBXFileReference; name = "Firebase.h"; path = "cordova-plugin-fcm/Firebase.h"; sourceTree = "<group>"; fileEncoding = 4; lastKnownFileType = sourcecode.c.h; explicitFileType = undefined; includeInIndex = 0; };
		45E1BF6F49864CF9B8FAE832 /* GoogleService-Info.plist */ = {isa = PBXFileReference; name = "GoogleService-Info.plist"; path = "Resources/GoogleService-Info.plist"; sourceTree = "<group>"; fileEncoding = 4; lastKnownFileType = text.plist.xml; explicitFileType = undefined; includeInIndex = 0; };
		F0CFDB38EBFC495D99C87625 /* FirebaseAnalytics.framework */ = {isa = PBXFileReference; name = "FirebaseAnalytics.framework"; path = "CFM/Plugins/cordova-plugin-fcm/FirebaseAnalytics.framework"; sourceTree = "<group>"; fileEncoding = undefined; lastKnownFileType = wrapper.framework; explicitFileType = undefined; includeInIndex = 0; };
		29382FB426934C6B8A054009 /* FirebaseCore.framework */ = {isa = PBXFileReference; name = "FirebaseCore.framework"; path = "CFM/Plugins/cordova-plugin-fcm/FirebaseCore.framework"; sourceTree = "<group>"; fileEncoding = undefined; lastKnownFileType = wrapper.framework; explicitFileType = undefined; includeInIndex = 0; };
		8E93BD9846474F0D9574F424 /* FirebaseInstanceID.framework */ = {isa = PBXFileReference; name = "FirebaseInstanceID.framework"; path = "CFM/Plugins/cordova-plugin-fcm/FirebaseInstanceID.framework"; sourceTree = "<group>"; fileEncoding = undefined; lastKnownFileType = wrapper.framework; explicitFileType = undefined; includeInIndex = 0; };
		7DFD9891048C4FB6A6CBA3E3 /* FirebaseMessaging.framework */ = {isa = PBXFileReference; name = "FirebaseMessaging.framework"; path = "CFM/Plugins/cordova-plugin-fcm/FirebaseMessaging.framework"; sourceTree = "<group>"; fileEncoding = undefined; lastKnownFileType = wrapper.framework; explicitFileType = undefined; includeInIndex = 0; };
		6825D2ABAD3449F5A4317ACA /* GoogleInterchangeUtilities.framework */ = {isa = PBXFileReference; name = "GoogleInterchangeUtilities.framework"; path = "CFM/Plugins/cordova-plugin-fcm/GoogleInterchangeUtilities.framework"; sourceTree = "<group>"; fileEncoding = undefined; lastKnownFileType = wrapper.framework; explicitFileType = undefined; includeInIndex = 0; };
		C129BA4664384C7B86D7FE4A /* GoogleIPhoneUtilities.framework */ = {isa = PBXFileReference; name = "GoogleIPhoneUtilities.framework"; path = "CFM/Plugins/cordova-plugin-fcm/GoogleIPhoneUtilities.framework"; sourceTree = "<group>"; fileEncoding = undefined; lastKnownFileType = wrapper.framework; explicitFileType = undefined; includeInIndex = 0; };
		27EF88807A09449787065312 /* GoogleSymbolUtilities.framework */ = {isa = PBXFileReference; name = "GoogleSymbolUtilities.framework"; path = "CFM/Plugins/cordova-plugin-fcm/GoogleSymbolUtilities.framework"; sourceTree = "<group>"; fileEncoding = undefined; lastKnownFileType = wrapper.framework; explicitFileType = undefined; includeInIndex = 0; };
		8868D2CECC0A4BF6AC54DD78 /* GoogleUtilities.framework */ = {isa = PBXFileReference; name = "GoogleUtilities.framework"; path = "CFM/Plugins/cordova-plugin-fcm/GoogleUtilities.framework"; sourceTree = "<group>"; fileEncoding = undefined; lastKnownFileType = wrapper.framework; explicitFileType = undefined; includeInIndex = 0; };
		BE049D30A9CB473B9BF746A0 /* libc++.tbd */ = {isa = PBXFileReference; name = "libc++.tbd"; path = "usr/lib/libc++.tbd"; sourceTree = SDKROOT; fileEncoding = undefined; lastKnownFileType = sourcecode.text-based-dylib-definition; explicitFileType = undefined; includeInIndex = 0; };
		FAC670AF5A75491EAFD3D43C /* AddressBook.framework */ = {isa = PBXFileReference; name = "AddressBook.framework"; path = "System/Library/Frameworks/AddressBook.framework"; sourceTree = SDKROOT; fileEncoding = undefined; lastKnownFileType = wrapper.framework; explicitFileType = undefined; includeInIndex = 0; };
		52F63EC8764A473D8A755145 /* libsqlite3.0.tbd */ = {isa = PBXFileReference; name = "libsqlite3.0.tbd"; path = "usr/lib/libsqlite3.0.tbd"; sourceTree = SDKROOT; fileEncoding = undefined; lastKnownFileType = sourcecode.text-based-dylib-definition; explicitFileType = undefined; includeInIndex = 0; };
		2AE00D45F0A146A1B2150459 /* CDVWKWebViewEngine.m */ = {isa = PBXFileReference; name = "CDVWKWebViewEngine.m"; path = "cordova-plugin-ionic-webview/CDVWKWebViewEngine.m"; sourceTree = "<group>"; fileEncoding = 4; lastKnownFileType = sourcecode.c.objc; explicitFileType = undefined; includeInIndex = 0; };
		66FBDD091CE24384A9B77D7B /* CDVWKWebViewUIDelegate.m */ = {isa = PBXFileReference; name = "CDVWKWebViewUIDelegate.m"; path = "cordova-plugin-ionic-webview/CDVWKWebViewUIDelegate.m"; sourceTree = "<group>"; fileEncoding = 4; lastKnownFileType = sourcecode.c.objc; explicitFileType = undefined; includeInIndex = 0; };
		F5BE0D994C7C4D04A1559DC6 /* CDVWKProcessPoolFactory.m */ = {isa = PBXFileReference; name = "CDVWKProcessPoolFactory.m"; path = "cordova-plugin-ionic-webview/CDVWKProcessPoolFactory.m"; sourceTree = "<group>"; fileEncoding = 4; lastKnownFileType = sourcecode.c.objc; explicitFileType = undefined; includeInIndex = 0; };
		A11880B0B7354957B94FF05D /* GCDWebServer.m */ = {isa = PBXFileReference; name = "GCDWebServer.m"; path = "cordova-plugin-ionic-webview/GCDWebServer.m"; sourceTree = "<group>"; fileEncoding = 4; lastKnownFileType = sourcecode.c.objc; explicitFileType = undefined; includeInIndex = 0; };
		E80ABCC21C184A1897CE5180 /* GCDWebServerConnection.m */ = {isa = PBXFileReference; name = "GCDWebServerConnection.m"; path = "cordova-plugin-ionic-webview/GCDWebServerConnection.m"; sourceTree = "<group>"; fileEncoding = 4; lastKnownFileType = sourcecode.c.objc; explicitFileType = undefined; includeInIndex = 0; };
		AF03A62CC1764D89967EC4DA /* GCDWebServerFunctions.m */ = {isa = PBXFileReference; name = "GCDWebServerFunctions.m"; path = "cordova-plugin-ionic-webview/GCDWebServerFunctions.m"; sourceTree = "<group>"; fileEncoding = 4; lastKnownFileType = sourcecode.c.objc; explicitFileType = undefined; includeInIndex = 0; };
		B2EAA1C7F203449CB863D322 /* GCDWebServerRequest.m */ = {isa = PBXFileReference; name = "GCDWebServerRequest.m"; path = "cordova-plugin-ionic-webview/GCDWebServerRequest.m"; sourceTree = "<group>"; fileEncoding = 4; lastKnownFileType = sourcecode.c.objc; explicitFileType = undefined; includeInIndex = 0; };
		91AC2E6623A44210BC058B43 /* GCDWebServerResponse.m */ = {isa = PBXFileReference; name = "GCDWebServerResponse.m"; path = "cordova-plugin-ionic-webview/GCDWebServerResponse.m"; sourceTree = "<group>"; fileEncoding = 4; lastKnownFileType = sourcecode.c.objc; explicitFileType = undefined; includeInIndex = 0; };
		537B3B4F828D432AA0C935DD /* GCDWebServerDataRequest.m */ = {isa = PBXFileReference; name = "GCDWebServerDataRequest.m"; path = "cordova-plugin-ionic-webview/GCDWebServerDataRequest.m"; sourceTree = "<group>"; fileEncoding = 4; lastKnownFileType = sourcecode.c.objc; explicitFileType = undefined; includeInIndex = 0; };
		9E8DEED4A42349589FA4C204 /* GCDWebServerFileRequest.m */ = {isa = PBXFileReference; name = "GCDWebServerFileRequest.m"; path = "cordova-plugin-ionic-webview/GCDWebServerFileRequest.m"; sourceTree = "<group>"; fileEncoding = 4; lastKnownFileType = sourcecode.c.objc; explicitFileType = undefined; includeInIndex = 0; };
		E448807CCB0C4A55A111EBAD /* GCDWebServerMultiPartFormRequest.m */ = {isa = PBXFileReference; name = "GCDWebServerMultiPartFormRequest.m"; path = "cordova-plugin-ionic-webview/GCDWebServerMultiPartFormRequest.m"; sourceTree = "<group>"; fileEncoding = 4; lastKnownFileType = sourcecode.c.objc; explicitFileType = undefined; includeInIndex = 0; };
		8C527FF25E994ED6B9434219 /* GCDWebServerURLEncodedFormRequest.m */ = {isa = PBXFileReference; name = "GCDWebServerURLEncodedFormRequest.m"; path = "cordova-plugin-ionic-webview/GCDWebServerURLEncodedFormRequest.m"; sourceTree = "<group>"; fileEncoding = 4; lastKnownFileType = sourcecode.c.objc; explicitFileType = undefined; includeInIndex = 0; };
		3992EDA6B32641129BB03F81 /* GCDWebServerDataResponse.m */ = {isa = PBXFileReference; name = "GCDWebServerDataResponse.m"; path = "cordova-plugin-ionic-webview/GCDWebServerDataResponse.m"; sourceTree = "<group>"; fileEncoding = 4; lastKnownFileType = sourcecode.c.objc; explicitFileType = undefined; includeInIndex = 0; };
		BC6A30B537E94A83B8DB35F2 /* GCDWebServerErrorResponse.m */ = {isa = PBXFileReference; name = "GCDWebServerErrorResponse.m"; path = "cordova-plugin-ionic-webview/GCDWebServerErrorResponse.m"; sourceTree = "<group>"; fileEncoding = 4; lastKnownFileType = sourcecode.c.objc; explicitFileType = undefined; includeInIndex = 0; };
		260C463E4E6D4E349C0B06BF /* GCDWebServerFileResponse.m */ = {isa = PBXFileReference; name = "GCDWebServerFileResponse.m"; path = "cordova-plugin-ionic-webview/GCDWebServerFileResponse.m"; sourceTree = "<group>"; fileEncoding = 4; lastKnownFileType = sourcecode.c.objc; explicitFileType = undefined; includeInIndex = 0; };
		D7645BE784FB45AE8C93B8A8 /* GCDWebServerStreamedResponse.m */ = {isa = PBXFileReference; name = "GCDWebServerStreamedResponse.m"; path = "cordova-plugin-ionic-webview/GCDWebServerStreamedResponse.m"; sourceTree = "<group>"; fileEncoding = 4; lastKnownFileType = sourcecode.c.objc; explicitFileType = undefined; includeInIndex = 0; };
		2D6B9CB78F9C4DBAB7E6E5F9 /* CDVWKWebViewEngine.h */ = {isa = PBXFileReference; name = "CDVWKWebViewEngine.h"; path = "cordova-plugin-ionic-webview/CDVWKWebViewEngine.h"; sourceTree = "<group>"; fileEncoding = 4; lastKnownFileType = sourcecode.c.h; explicitFileType = undefined; includeInIndex = 0; };
		D203DF63EDFB43FB9EE64A54 /* CDVWKWebViewUIDelegate.h */ = {isa = PBXFileReference; name = "CDVWKWebViewUIDelegate.h"; path = "cordova-plugin-ionic-webview/CDVWKWebViewUIDelegate.h"; sourceTree = "<group>"; fileEncoding = 4; lastKnownFileType = sourcecode.c.h; explicitFileType = undefined; includeInIndex = 0; };
		CCA6A8D014804E068F4F2F2A /* CDVWKProcessPoolFactory.h */ = {isa = PBXFileReference; name = "CDVWKProcessPoolFactory.h"; path = "cordova-plugin-ionic-webview/CDVWKProcessPoolFactory.h"; sourceTree = "<group>"; fileEncoding = 4; lastKnownFileType = sourcecode.c.h; explicitFileType = undefined; includeInIndex = 0; };
		7922DD3BA96542A78B737B94 /* GCDWebServer.h */ = {isa = PBXFileReference; name = "GCDWebServer.h"; path = "cordova-plugin-ionic-webview/GCDWebServer.h"; sourceTree = "<group>"; fileEncoding = 4; lastKnownFileType = sourcecode.c.h; explicitFileType = undefined; includeInIndex = 0; };
		57197EB728DC4039A1567B9A /* GCDWebServerConnection.h */ = {isa = PBXFileReference; name = "GCDWebServerConnection.h"; path = "cordova-plugin-ionic-webview/GCDWebServerConnection.h"; sourceTree = "<group>"; fileEncoding = 4; lastKnownFileType = sourcecode.c.h; explicitFileType = undefined; includeInIndex = 0; };
		A449625754DA4ED2AC6E1CB5 /* GCDWebServerFunctions.h */ = {isa = PBXFileReference; name = "GCDWebServerFunctions.h"; path = "cordova-plugin-ionic-webview/GCDWebServerFunctions.h"; sourceTree = "<group>"; fileEncoding = 4; lastKnownFileType = sourcecode.c.h; explicitFileType = undefined; includeInIndex = 0; };
		2F431AFC842E4A51AACF454F /* GCDWebServerHTTPStatusCodes.h */ = {isa = PBXFileReference; name = "GCDWebServerHTTPStatusCodes.h"; path = "cordova-plugin-ionic-webview/GCDWebServerHTTPStatusCodes.h"; sourceTree = "<group>"; fileEncoding = 4; lastKnownFileType = sourcecode.c.h; explicitFileType = undefined; includeInIndex = 0; };
		85FC9AC89FDF4C09A869F6B8 /* GCDWebServerPrivate.h */ = {isa = PBXFileReference; name = "GCDWebServerPrivate.h"; path = "cordova-plugin-ionic-webview/GCDWebServerPrivate.h"; sourceTree = "<group>"; fileEncoding = 4; lastKnownFileType = sourcecode.c.h; explicitFileType = undefined; includeInIndex = 0; };
		BA4262D878F84F5DBDFB0717 /* GCDWebServerRequest.h */ = {isa = PBXFileReference; name = "GCDWebServerRequest.h"; path = "cordova-plugin-ionic-webview/GCDWebServerRequest.h"; sourceTree = "<group>"; fileEncoding = 4; lastKnownFileType = sourcecode.c.h; explicitFileType = undefined; includeInIndex = 0; };
		B1919579C52F493F8E804344 /* GCDWebServerResponse.h */ = {isa = PBXFileReference; name = "GCDWebServerResponse.h"; path = "cordova-plugin-ionic-webview/GCDWebServerResponse.h"; sourceTree = "<group>"; fileEncoding = 4; lastKnownFileType = sourcecode.c.h; explicitFileType = undefined; includeInIndex = 0; };
		5957135DF51C46CA8FDF1506 /* GCDWebServerDataRequest.h */ = {isa = PBXFileReference; name = "GCDWebServerDataRequest.h"; path = "cordova-plugin-ionic-webview/GCDWebServerDataRequest.h"; sourceTree = "<group>"; fileEncoding = 4; lastKnownFileType = sourcecode.c.h; explicitFileType = undefined; includeInIndex = 0; };
		1AD6745ADAAF445CA464729C /* GCDWebServerFileRequest.h */ = {isa = PBXFileReference; name = "GCDWebServerFileRequest.h"; path = "cordova-plugin-ionic-webview/GCDWebServerFileRequest.h"; sourceTree = "<group>"; fileEncoding = 4; lastKnownFileType = sourcecode.c.h; explicitFileType = undefined; includeInIndex = 0; };
		97B6052DC7774A87B0863182 /* GCDWebServerMultiPartFormRequest.h */ = {isa = PBXFileReference; name = "GCDWebServerMultiPartFormRequest.h"; path = "cordova-plugin-ionic-webview/GCDWebServerMultiPartFormRequest.h"; sourceTree = "<group>"; fileEncoding = 4; lastKnownFileType = sourcecode.c.h; explicitFileType = undefined; includeInIndex = 0; };
		AA4258407A884F6FA72306FF /* GCDWebServerURLEncodedFormRequest.h */ = {isa = PBXFileReference; name = "GCDWebServerURLEncodedFormRequest.h"; path = "cordova-plugin-ionic-webview/GCDWebServerURLEncodedFormRequest.h"; sourceTree = "<group>"; fileEncoding = 4; lastKnownFileType = sourcecode.c.h; explicitFileType = undefined; includeInIndex = 0; };
		87BDAB2263A444B6997871FC /* GCDWebServerDataResponse.h */ = {isa = PBXFileReference; name = "GCDWebServerDataResponse.h"; path = "cordova-plugin-ionic-webview/GCDWebServerDataResponse.h"; sourceTree = "<group>"; fileEncoding = 4; lastKnownFileType = sourcecode.c.h; explicitFileType = undefined; includeInIndex = 0; };
		E620408BCE8041F194DBA6D2 /* GCDWebServerErrorResponse.h */ = {isa = PBXFileReference; name = "GCDWebServerErrorResponse.h"; path = "cordova-plugin-ionic-webview/GCDWebServerErrorResponse.h"; sourceTree = "<group>"; fileEncoding = 4; lastKnownFileType = sourcecode.c.h; explicitFileType = undefined; includeInIndex = 0; };
		615135BE1CCD466BA214F10B /* GCDWebServerFileResponse.h */ = {isa = PBXFileReference; name = "GCDWebServerFileResponse.h"; path = "cordova-plugin-ionic-webview/GCDWebServerFileResponse.h"; sourceTree = "<group>"; fileEncoding = 4; lastKnownFileType = sourcecode.c.h; explicitFileType = undefined; includeInIndex = 0; };
		3F91A760C41A43F2980F0DA0 /* GCDWebServerStreamedResponse.h */ = {isa = PBXFileReference; name = "GCDWebServerStreamedResponse.h"; path = "cordova-plugin-ionic-webview/GCDWebServerStreamedResponse.h"; sourceTree = "<group>"; fileEncoding = 4; lastKnownFileType = sourcecode.c.h; explicitFileType = undefined; includeInIndex = 0; };
		87876107783D4E13848DA6D5 /* WebKit.framework */ = {isa = PBXFileReference; name = "WebKit.framework"; path = "System/Library/Frameworks/WebKit.framework"; sourceTree = SDKROOT; fileEncoding = undefined; lastKnownFileType = wrapper.framework; explicitFileType = undefined; includeInIndex = 0; };
		F6724F54740E4F878EF9AF3C /* APPLocalNotification.m */ = {isa = PBXFileReference; name = "APPLocalNotification.m"; path = "cordova-plugin-local-notification/APPLocalNotification.m"; sourceTree = "<group>"; fileEncoding = 4; lastKnownFileType = sourcecode.c.objc; explicitFileType = undefined; includeInIndex = 0; };
		9483B63D9BD04D8699EB8094 /* APPNotificationContent.m */ = {isa = PBXFileReference; name = "APPNotificationContent.m"; path = "cordova-plugin-local-notification/APPNotificationContent.m"; sourceTree = "<group>"; fileEncoding = 4; lastKnownFileType = sourcecode.c.objc; explicitFileType = undefined; includeInIndex = 0; };
		930AEBE1D54E4E3D9A084B19 /* APPNotificationOptions.m */ = {isa = PBXFileReference; name = "APPNotificationOptions.m"; path = "cordova-plugin-local-notification/APPNotificationOptions.m"; sourceTree = "<group>"; fileEncoding = 4; lastKnownFileType = sourcecode.c.objc; explicitFileType = undefined; includeInIndex = 0; };
		AC02ECE1C02B4F228191EEBC /* UNUserNotificationCenter+APPLocalNotification.m */ = {isa = PBXFileReference; name = "UNUserNotificationCenter+APPLocalNotification.m"; path = "cordova-plugin-local-notification/UNUserNotificationCenter+APPLocalNotification.m"; sourceTree = "<group>"; fileEncoding = 4; lastKnownFileType = sourcecode.c.objc; explicitFileType = undefined; includeInIndex = 0; };
		78AC1FE07503449789087F15 /* UNNotificationRequest+APPLocalNotification.m */ = {isa = PBXFileReference; name = "UNNotificationRequest+APPLocalNotification.m"; path = "cordova-plugin-local-notification/UNNotificationRequest+APPLocalNotification.m"; sourceTree = "<group>"; fileEncoding = 4; lastKnownFileType = sourcecode.c.objc; explicitFileType = undefined; includeInIndex = 0; };
		8E1599822F9B46E9B64FBFB9 /* APPLocalNotification.h */ = {isa = PBXFileReference; name = "APPLocalNotification.h"; path = "cordova-plugin-local-notification/APPLocalNotification.h"; sourceTree = "<group>"; fileEncoding = 4; lastKnownFileType = sourcecode.c.h; explicitFileType = undefined; includeInIndex = 0; };
		489717CF7B6F49D78BEB13EA /* APPNotificationContent.h */ = {isa = PBXFileReference; name = "APPNotificationContent.h"; path = "cordova-plugin-local-notification/APPNotificationContent.h"; sourceTree = "<group>"; fileEncoding = 4; lastKnownFileType = sourcecode.c.h; explicitFileType = undefined; includeInIndex = 0; };
		911E292BF840431AA4E58E6E /* APPNotificationOptions.h */ = {isa = PBXFileReference; name = "APPNotificationOptions.h"; path = "cordova-plugin-local-notification/APPNotificationOptions.h"; sourceTree = "<group>"; fileEncoding = 4; lastKnownFileType = sourcecode.c.h; explicitFileType = undefined; includeInIndex = 0; };
		BA4D17E4DEE84301BE5632AD /* UNUserNotificationCenter+APPLocalNotification.h */ = {isa = PBXFileReference; name = "UNUserNotificationCenter+APPLocalNotification.h"; path = "cordova-plugin-local-notification/UNUserNotificationCenter+APPLocalNotification.h"; sourceTree = "<group>"; fileEncoding = 4; lastKnownFileType = sourcecode.c.h; explicitFileType = undefined; includeInIndex = 0; };
		92476A63A5DC47B98B1142C3 /* UNNotificationRequest+APPLocalNotification.h */ = {isa = PBXFileReference; name = "UNNotificationRequest+APPLocalNotification.h"; path = "cordova-plugin-local-notification/UNNotificationRequest+APPLocalNotification.h"; sourceTree = "<group>"; fileEncoding = 4; lastKnownFileType = sourcecode.c.h; explicitFileType = undefined; includeInIndex = 0; };
		1BF44936869D4F4998BDEEB5 /* UserNotifications.framework */ = {isa = PBXFileReference; name = "UserNotifications.framework"; path = "System/Library/Frameworks/UserNotifications.framework"; sourceTree = SDKROOT; fileEncoding = undefined; lastKnownFileType = wrapper.framework; explicitFileType = undefined; includeInIndex = 0; };
		FD6D0CBE3DF74F3EA36D9E18 /* CoreLocation.framework */ = {isa = PBXFileReference; name = "CoreLocation.framework"; path = "System/Library/Frameworks/CoreLocation.framework"; sourceTree = SDKROOT; fileEncoding = undefined; lastKnownFileType = wrapper.framework; explicitFileType = undefined; includeInIndex = 0; };
		3FE3CC261D6A4C5E989F63C8 /* CDVSplashScreen.m */ = {isa = PBXFileReference; name = "CDVSplashScreen.m"; path = "cordova-plugin-splashscreen/CDVSplashScreen.m"; sourceTree = "<group>"; fileEncoding = 4; lastKnownFileType = sourcecode.c.objc; explicitFileType = undefined; includeInIndex = 0; };
		406C25B277D849C282298978 /* CDVViewController+SplashScreen.m */ = {isa = PBXFileReference; name = "CDVViewController+SplashScreen.m"; path = "cordova-plugin-splashscreen/CDVViewController+SplashScreen.m"; sourceTree = "<group>"; fileEncoding = 4; lastKnownFileType = sourcecode.c.objc; explicitFileType = undefined; includeInIndex = 0; };
		2CE2F7D9BB4F459383848EE5 /* CDVSplashScreen.h */ = {isa = PBXFileReference; name = "CDVSplashScreen.h"; path = "cordova-plugin-splashscreen/CDVSplashScreen.h"; sourceTree = "<group>"; fileEncoding = 4; lastKnownFileType = sourcecode.c.h; explicitFileType = undefined; includeInIndex = 0; };
		CBE223A95E6347C8936EF4CC /* CDVViewController+SplashScreen.h */ = {isa = PBXFileReference; name = "CDVViewController+SplashScreen.h"; path = "cordova-plugin-splashscreen/CDVViewController+SplashScreen.h"; sourceTree = "<group>"; fileEncoding = 4; lastKnownFileType = sourcecode.c.h; explicitFileType = undefined; includeInIndex = 0; };
		3DFB8DA56FCB4D269425EFCB /* IonicKeyboard.m */ = {isa = PBXFileReference; name = "IonicKeyboard.m"; path = "ionic-plugin-keyboard/IonicKeyboard.m"; sourceTree = "<group>"; fileEncoding = 4; lastKnownFileType = sourcecode.c.objc; explicitFileType = undefined; includeInIndex = 0; };
		C63C943AF066457BAFCB0B1F /* IonicKeyboard.h */ = {isa = PBXFileReference; name = "IonicKeyboard.h"; path = "ionic-plugin-keyboard/IonicKeyboard.h"; sourceTree = "<group>"; fileEncoding = 4; lastKnownFileType = sourcecode.c.h; explicitFileType = undefined; includeInIndex = 0; };
		DCD4CD5AA3E74E3EB6E5DD7A /* OneSignalPush.m */ = {isa = PBXFileReference; name = "OneSignalPush.m"; path = "onesignal-cordova-plugin/OneSignalPush.m"; sourceTree = "<group>"; fileEncoding = 4; lastKnownFileType = sourcecode.c.objc; explicitFileType = undefined; includeInIndex = 0; };
		A1B785D315664199A1A30471 /* OneSignalPush.h */ = {isa = PBXFileReference; name = "OneSignalPush.h"; path = "onesignal-cordova-plugin/OneSignalPush.h"; sourceTree = "<group>"; fileEncoding = 4; lastKnownFileType = sourcecode.c.h; explicitFileType = undefined; includeInIndex = 0; };
		CE51F47841664C359059783B /* AppDelegate+notification.m */ = {isa = PBXFileReference; name = "AppDelegate+notification.m"; path = "phonegap-plugin-push/AppDelegate+notification.m"; sourceTree = "<group>"; fileEncoding = 4; lastKnownFileType = sourcecode.c.objc; explicitFileType = undefined; includeInIndex = 0; };
		478ED50C56264EDFB46532E8 /* PushPlugin.m */ = {isa = PBXFileReference; name = "PushPlugin.m"; path = "phonegap-plugin-push/PushPlugin.m"; sourceTree = "<group>"; fileEncoding = 4; lastKnownFileType = sourcecode.c.objc; explicitFileType = undefined; includeInIndex = 0; };
		60AEF73DC7384C7089417AF9 /* AppDelegate+notification.h */ = {isa = PBXFileReference; name = "AppDelegate+notification.h"; path = "phonegap-plugin-push/AppDelegate+notification.h"; sourceTree = "<group>"; fileEncoding = 4; lastKnownFileType = sourcecode.c.h; explicitFileType = undefined; includeInIndex = 0; };
		029A7518CB9C4ADD81C372BD /* PushPlugin.h */ = {isa = PBXFileReference; name = "PushPlugin.h"; path = "phonegap-plugin-push/PushPlugin.h"; sourceTree = "<group>"; fileEncoding = 4; lastKnownFileType = sourcecode.c.h; explicitFileType = undefined; includeInIndex = 0; };
/* End PBXFileReference section */

/* Begin PBXFrameworksBuildPhase section */
		1D60588F0D05DD3D006BFB54 /* Frameworks */ = {
			isa = PBXFrameworksBuildPhase;
			buildActionMask = 2147483647;
			files = (
				301BF552109A68D80062928A /* libCordova.a in Frameworks */,
				E2A6FEE6E99C44F2B02CD2B6 /* Security.framework in Frameworks */,
				05A558044C2449B7B04DB588 /* SystemConfiguration.framework in Frameworks */,
				A600ABF83AC044549BBFF311 /* libz.tbd in Frameworks */,
				5C6BBA7C91284C6FB41D887A /* FirebaseAnalytics.framework in Frameworks */,
				2176773F2CC64EC2B84B721F /* FirebaseCore.framework in Frameworks */,
				04930E8E09E1487C801D8C19 /* FirebaseInstanceID.framework in Frameworks */,
				7400EF63445142F99E06A661 /* FirebaseMessaging.framework in Frameworks */,
				4D2784FD4E5843A494D1DE10 /* GoogleInterchangeUtilities.framework in Frameworks */,
				175802B33B554B789E1D9C89 /* GoogleIPhoneUtilities.framework in Frameworks */,
				CC9579DCF04740549039B7B3 /* GoogleSymbolUtilities.framework in Frameworks */,
				87F9FEDDA9DC41698DA2FF0D /* GoogleUtilities.framework in Frameworks */,
				CD98422087264860BF10F193 /* libc++.tbd in Frameworks */,
				7DA60254BD5746E38F8755B6 /* AddressBook.framework in Frameworks */,
				714D25E7F3C5423F897AA15D /* libsqlite3.0.tbd in Frameworks */,
				78FE518E622B43A89489C5F1 /* WebKit.framework in Frameworks */,
				C7EBD5AEA4514836ACE3D7EF /* UserNotifications.framework in Frameworks */,
				87AD855719EF4BC68266062D /* CoreLocation.framework in Frameworks */,
			);
			runOnlyForDeploymentPostprocessing = 0;
		};
/* End PBXFrameworksBuildPhase section */

/* Begin PBXGroup section */
		080E96DDFE201D6D7F000001 /* Classes */ = {
			isa = PBXGroup;
			children = (
				302D95EE14D2391D003F00A1 /* MainViewController.h */,
				302D95EF14D2391D003F00A1 /* MainViewController.m */,
				302D95F014D2391D003F00A1 /* MainViewController.xib */,
				1D3623240D0F684500981E51 /* AppDelegate.h */,
				1D3623250D0F684500981E51 /* AppDelegate.m */,
			);
			name = Classes;
			path = "CFM/Classes";
			sourceTree = SOURCE_ROOT;
		};
		19C28FACFE9D520D11CA2CBB /* Products */ = {
			isa = PBXGroup;
			children = (
				1D6058910D05DD3D006BFB54 /* CFM.app */,
			);
			name = Products;
			sourceTree = "<group>";
		};
		29B97314FDCFA39411CA2CEA /* CustomTemplate */ = {
			isa = PBXGroup;
			children = (
				EB87FDF41871DAF40020F90C /* config.xml */,
				EB87FDF31871DA8E0020F90C /* www */,
				EB87FDF11871DA420020F90C /* Staging */,
				301BF52D109A57CC0062928A /* CordovaLib.xcodeproj */,
				080E96DDFE201D6D7F000001 /* Classes */,
				307C750510C5A3420062BCA9 /* Plugins */,
				29B97315FDCFA39411CA2CEA /* Other Sources */,
				29B97317FDCFA39411CA2CEA /* Resources */,
				29B97323FDCFA39411CA2CEA /* Frameworks */,
				19C28FACFE9D520D11CA2CBB /* Products */,
			);
			name = CustomTemplate;
			sourceTree = "<group>";
		};
		29B97315FDCFA39411CA2CEA /* Other Sources */ = {
			isa = PBXGroup;
			children = (
				32CA4F630368D1EE00C91783 /* CFM-Prefix.pch */,
				29B97316FDCFA39411CA2CEA /* main.m */,
				ED33DF2A687741AEAF9F8254 /* Bridging-Header.h */,
			);
			name = "Other Sources";
			path = "CFM";
			sourceTree = "<group>";
		};
		29B97317FDCFA39411CA2CEA /* Resources */ = {
			isa = PBXGroup;
			children = (
				0207DA571B56EA530066E2B4 /* Images.xcassets */,
				3047A50E1AB8057F00498E2A /* config */,
				8D1107310486CEB800E47090 /* CFM-Info.plist */,
				6AFF5BF81D6E424B00AB3073 /* CDVLaunchScreen.storyboard */,
				45E1BF6F49864CF9B8FAE832 /* GoogleService-Info.plist */,
			);
			name = Resources;
			path = "CFM/Resources";
			sourceTree = "<group>";
		};
		29B97323FDCFA39411CA2CEA /* Frameworks */ = {
			isa = PBXGroup;
			children = (
				7D7474BC86EF4C92AF70B45B /* Security.framework */,
				A66D56781D854DDD857798CB /* SystemConfiguration.framework */,
				25447C03E2E7453C937C313C /* libz.tbd */,
				F0CFDB38EBFC495D99C87625 /* FirebaseAnalytics.framework */,
				29382FB426934C6B8A054009 /* FirebaseCore.framework */,
				8E93BD9846474F0D9574F424 /* FirebaseInstanceID.framework */,
				7DFD9891048C4FB6A6CBA3E3 /* FirebaseMessaging.framework */,
				6825D2ABAD3449F5A4317ACA /* GoogleInterchangeUtilities.framework */,
				C129BA4664384C7B86D7FE4A /* GoogleIPhoneUtilities.framework */,
				27EF88807A09449787065312 /* GoogleSymbolUtilities.framework */,
				8868D2CECC0A4BF6AC54DD78 /* GoogleUtilities.framework */,
				BE049D30A9CB473B9BF746A0 /* libc++.tbd */,
				FAC670AF5A75491EAFD3D43C /* AddressBook.framework */,
				52F63EC8764A473D8A755145 /* libsqlite3.0.tbd */,
				87876107783D4E13848DA6D5 /* WebKit.framework */,
				1BF44936869D4F4998BDEEB5 /* UserNotifications.framework */,
				FD6D0CBE3DF74F3EA36D9E18 /* CoreLocation.framework */,
			);
			name = Frameworks;
			sourceTree = "<group>";
		};
		301BF52E109A57CC0062928A /* Products */ = {
			isa = PBXGroup;
			children = (
				301BF535109A57CC0062928A /* libCordova.a */,
			);
			name = Products;
			sourceTree = "<group>";
		};
		3047A50E1AB8057F00498E2A /* config */ = {
			isa = PBXGroup;
			children = (
				3047A50F1AB8059700498E2A /* build-debug.xcconfig */,
				3047A5101AB8059700498E2A /* build-release.xcconfig */,
				3047A5111AB8059700498E2A /* build.xcconfig */,
			);
			name = config;
			sourceTree = "<group>";
		};
		307C750510C5A3420062BCA9 /* Plugins */ = {
			isa = PBXGroup;
			children = (
				D89AF673B2104CB5BE17B54D /* CDVFile.m */,
				3DD2AB1E52794724932D6419 /* CDVLocalFilesystem.m */,
				0247F474A94F44388C694D25 /* CDVAssetLibraryFilesystem.m */,
				E57A695F586E44048A2CBD61 /* CDVFile.h */,
				FD68A4A6F09B4C00802EB2FD /* CDVLocalFilesystem.h */,
				0DECCB556FC14807B4F4F390 /* CDVAssetLibraryFilesystem.h */,
				628AEDCD9AA34E70A3C1C773 /* CordovaHttpPlugin.m */,
				D07DBC2E4B754BB484E24B2C /* TextResponseSerializer.m */,
				34C654EFA48F47478659B82A /* AFHTTPSessionManager.m */,
				50414DE59CAD4BBB9970ED5B /* AFNetworkReachabilityManager.m */,
				2E08F147B8F4446F9B17084A /* AFSecurityPolicy.m */,
				C00DFA9B623545379BD08B13 /* AFURLRequestSerialization.m */,
				FB17C1DED7E044A3A55B6A82 /* AFURLResponseSerialization.m */,
				F882E6A780024D168BE5B377 /* AFURLSessionManager.m */,
				BADAC7C0B19940EDAF458CE4 /* CordovaHttpPlugin.h */,
				FAB50E8DAB1C40CE890D5A1D /* TextResponseSerializer.h */,
				E979B6F809684AF5B42099F0 /* AFHTTPSessionManager.h */,
				D9424E64C4E54162B27A06C7 /* AFNetworking.h */,
				30A2B6912F1A4EE3ADB5702D /* AFNetworkReachabilityManager.h */,
				35ABB288FF6E4CBE97228A50 /* AFSecurityPolicy.h */,
				E70021F04E5C44738B16E5DA /* AFURLRequestSerialization.h */,
				50286E5818204FAD83D75B0F /* AFURLResponseSerialization.h */,
				EBACD6C7526E44F49C870DD8 /* AFURLSessionManager.h */,
				4012ED866B3943D1B71ACBD2 /* APPBadge.m */,
				B17CC61E035C4BAA883F0E46 /* APPBadge.h */,
				F2B464A093F5427996A1A013 /* CDVDevice.m */,
				679B62175005468CBAFDDC81 /* CDVDevice.h */,
				06C8E07D0E71455EA0502A4C /* FCMPlugin.m */,
				976D20A61DE14053A6074A13 /* AppDelegate+FCMPlugin.m */,
				EF29909A12EA41B19B6ED718 /* FCMPlugin.h */,
				6B1114C30B9D47C5A4C6274E /* AppDelegate+FCMPlugin.h */,
				4990E107745F4FB889ED0BC1 /* Firebase.h */,
				2AE00D45F0A146A1B2150459 /* CDVWKWebViewEngine.m */,
				66FBDD091CE24384A9B77D7B /* CDVWKWebViewUIDelegate.m */,
				F5BE0D994C7C4D04A1559DC6 /* CDVWKProcessPoolFactory.m */,
				A11880B0B7354957B94FF05D /* GCDWebServer.m */,
				E80ABCC21C184A1897CE5180 /* GCDWebServerConnection.m */,
				AF03A62CC1764D89967EC4DA /* GCDWebServerFunctions.m */,
				B2EAA1C7F203449CB863D322 /* GCDWebServerRequest.m */,
				91AC2E6623A44210BC058B43 /* GCDWebServerResponse.m */,
				537B3B4F828D432AA0C935DD /* GCDWebServerDataRequest.m */,
				9E8DEED4A42349589FA4C204 /* GCDWebServerFileRequest.m */,
				E448807CCB0C4A55A111EBAD /* GCDWebServerMultiPartFormRequest.m */,
				8C527FF25E994ED6B9434219 /* GCDWebServerURLEncodedFormRequest.m */,
				3992EDA6B32641129BB03F81 /* GCDWebServerDataResponse.m */,
				BC6A30B537E94A83B8DB35F2 /* GCDWebServerErrorResponse.m */,
				260C463E4E6D4E349C0B06BF /* GCDWebServerFileResponse.m */,
				D7645BE784FB45AE8C93B8A8 /* GCDWebServerStreamedResponse.m */,
				2D6B9CB78F9C4DBAB7E6E5F9 /* CDVWKWebViewEngine.h */,
				D203DF63EDFB43FB9EE64A54 /* CDVWKWebViewUIDelegate.h */,
				CCA6A8D014804E068F4F2F2A /* CDVWKProcessPoolFactory.h */,
				7922DD3BA96542A78B737B94 /* GCDWebServer.h */,
				57197EB728DC4039A1567B9A /* GCDWebServerConnection.h */,
				A449625754DA4ED2AC6E1CB5 /* GCDWebServerFunctions.h */,
				2F431AFC842E4A51AACF454F /* GCDWebServerHTTPStatusCodes.h */,
				85FC9AC89FDF4C09A869F6B8 /* GCDWebServerPrivate.h */,
				BA4262D878F84F5DBDFB0717 /* GCDWebServerRequest.h */,
				B1919579C52F493F8E804344 /* GCDWebServerResponse.h */,
				5957135DF51C46CA8FDF1506 /* GCDWebServerDataRequest.h */,
				1AD6745ADAAF445CA464729C /* GCDWebServerFileRequest.h */,
				97B6052DC7774A87B0863182 /* GCDWebServerMultiPartFormRequest.h */,
				AA4258407A884F6FA72306FF /* GCDWebServerURLEncodedFormRequest.h */,
				87BDAB2263A444B6997871FC /* GCDWebServerDataResponse.h */,
				E620408BCE8041F194DBA6D2 /* GCDWebServerErrorResponse.h */,
				615135BE1CCD466BA214F10B /* GCDWebServerFileResponse.h */,
				3F91A760C41A43F2980F0DA0 /* GCDWebServerStreamedResponse.h */,
				F6724F54740E4F878EF9AF3C /* APPLocalNotification.m */,
				9483B63D9BD04D8699EB8094 /* APPNotificationContent.m */,
				930AEBE1D54E4E3D9A084B19 /* APPNotificationOptions.m */,
				AC02ECE1C02B4F228191EEBC /* UNUserNotificationCenter+APPLocalNotification.m */,
				78AC1FE07503449789087F15 /* UNNotificationRequest+APPLocalNotification.m */,
				8E1599822F9B46E9B64FBFB9 /* APPLocalNotification.h */,
				489717CF7B6F49D78BEB13EA /* APPNotificationContent.h */,
				911E292BF840431AA4E58E6E /* APPNotificationOptions.h */,
				BA4D17E4DEE84301BE5632AD /* UNUserNotificationCenter+APPLocalNotification.h */,
				92476A63A5DC47B98B1142C3 /* UNNotificationRequest+APPLocalNotification.h */,
				3FE3CC261D6A4C5E989F63C8 /* CDVSplashScreen.m */,
				406C25B277D849C282298978 /* CDVViewController+SplashScreen.m */,
				2CE2F7D9BB4F459383848EE5 /* CDVSplashScreen.h */,
				CBE223A95E6347C8936EF4CC /* CDVViewController+SplashScreen.h */,
				3DFB8DA56FCB4D269425EFCB /* IonicKeyboard.m */,
				C63C943AF066457BAFCB0B1F /* IonicKeyboard.h */,
				DCD4CD5AA3E74E3EB6E5DD7A /* OneSignalPush.m */,
				A1B785D315664199A1A30471 /* OneSignalPush.h */,
				CE51F47841664C359059783B /* AppDelegate+notification.m */,
				478ED50C56264EDFB46532E8 /* PushPlugin.m */,
				60AEF73DC7384C7089417AF9 /* AppDelegate+notification.h */,
				029A7518CB9C4ADD81C372BD /* PushPlugin.h */,
			);
			name = Plugins;
			path = "CFM/Plugins";
			sourceTree = SOURCE_ROOT;
		};
		EB87FDF11871DA420020F90C /* Staging */ = {
			isa = PBXGroup;
			children = (
				F840E1F0165FE0F500CFE078 /* config.xml */,
				301BF56E109A69640062928A /* www */,
			);
			name = Staging;
			sourceTree = "<group>";
		};
/* End PBXGroup section */

/* Begin PBXNativeTarget section */
		1D6058900D05DD3D006BFB54 /* CFM */ = {
			isa = PBXNativeTarget;
			buildConfigurationList = 1D6058960D05DD3E006BFB54 /* Build configuration list for PBXNativeTarget "CFM" */;
			buildPhases = (
				304B58A110DAC018002A0835 /* Copy www directory */,
				1D60588D0D05DD3D006BFB54 /* Resources */,
				1D60588E0D05DD3D006BFB54 /* Sources */,
				1D60588F0D05DD3D006BFB54 /* Frameworks */,
			);
			buildRules = (
			);
			dependencies = (
				301BF551109A68C00062928A /* PBXTargetDependency */,
			);
			name = "CFM";
			productName = "CFM";
			productReference = 1D6058910D05DD3D006BFB54 /* CFM.app */;
			productType = "com.apple.product-type.application";
		};
/* End PBXNativeTarget section */

/* Begin PBXProject section */
		29B97313FDCFA39411CA2CEA /* Project object */ = {
			isa = PBXProject;
			attributes = {
				LastUpgradeCheck = 510;
			};
			buildConfigurationList = C01FCF4E08A954540054247B /* Build configuration list for PBXProject "__NON-CLI__" */;
			compatibilityVersion = "Xcode 3.2";
			developmentRegion = English;
			hasScannedForEncodings = 1;
			mainGroup = 29B97314FDCFA39411CA2CEA /* CustomTemplate */;
			projectDirPath = "";
			projectReferences = (
				{
					ProductGroup = 301BF52E109A57CC0062928A /* Products */;
					ProjectRef = 301BF52D109A57CC0062928A /* CordovaLib.xcodeproj */;
				},
			);
			projectRoot = "";
			targets = (
				1D6058900D05DD3D006BFB54 /* CFM */,
			);
		};
/* End PBXProject section */

/* Begin PBXReferenceProxy section */
		301BF535109A57CC0062928A /* libCordova.a */ = {
			isa = PBXReferenceProxy;
			fileType = archive.ar;
			path = libCordova.a;
			remoteRef = 301BF534109A57CC0062928A /* PBXContainerItemProxy */;
			sourceTree = BUILT_PRODUCTS_DIR;
		};
/* End PBXReferenceProxy section */

/* Begin PBXResourcesBuildPhase section */
		1D60588D0D05DD3D006BFB54 /* Resources */ = {
			isa = PBXResourcesBuildPhase;
			buildActionMask = 2147483647;
			files = (
				302D95F214D2391D003F00A1 /* MainViewController.xib in Resources */,
				0207DA581B56EA530066E2B4 /* Images.xcassets in Resources */,
				6AFF5BF91D6E424B00AB3073 /* CDVLaunchScreen.storyboard in Resources */,
				2709B153C68A4AFA885B3613 /* GoogleService-Info.plist in Resources */,
			);
			runOnlyForDeploymentPostprocessing = 0;
		};
/* End PBXResourcesBuildPhase section */

/* Begin PBXShellScriptBuildPhase section */
		304B58A110DAC018002A0835 /* Copy www directory */ = {
			isa = PBXShellScriptBuildPhase;
			buildActionMask = 2147483647;
			files = (
			);
			inputPaths = (
			);
			name = "Copy www directory";
			outputPaths = (
			);
			runOnlyForDeploymentPostprocessing = 0;
			shellPath = /bin/sh;
			shellScript = "NODEJS_PATH=/usr/local/bin; NVM_NODE_PATH=~/.nvm/versions/node/`nvm version 2>/dev/null`/bin; N_NODE_PATH=`find /usr/local/n/versions/node/* -maxdepth 0 -type d 2>/dev/null | tail -1`/bin; XCODE_NODE_PATH=`xcode-select --print-path`/usr/share/xcs/Node/bin; PATH=$NODEJS_PATH:$NVM_NODE_PATH:$N_NODE_PATH:$XCODE_NODE_PATH:$PATH && node cordova/lib/copy-www-build-step.js";
			showEnvVarsInLog = 0;
		};
/* End PBXShellScriptBuildPhase section */

/* Begin PBXSourcesBuildPhase section */
		1D60588E0D05DD3D006BFB54 /* Sources */ = {
			isa = PBXSourcesBuildPhase;
			buildActionMask = 2147483647;
			files = (
				1D60589B0D05DD56006BFB54 /* main.m in Sources */,
				1D3623260D0F684500981E51 /* AppDelegate.m in Sources */,
				302D95F114D2391D003F00A1 /* MainViewController.m in Sources */,
				C7651C1222C24EB18A160B8F /* CDVFile.m in Sources */,
				E4C9406F4D7C482DAA0ABD89 /* CDVLocalFilesystem.m in Sources */,
				F10120036BFC4D0D87C4AD91 /* CDVAssetLibraryFilesystem.m in Sources */,
				651CA1E0424742B3B1486F1A /* CordovaHttpPlugin.m in Sources */,
				AE81A34415F54C6CA69140DD /* TextResponseSerializer.m in Sources */,
				74D2F6D6D5F44F44B3CA2F83 /* AFHTTPSessionManager.m in Sources */,
				475DA5881AD44DD7B3CB0E8E /* AFNetworkReachabilityManager.m in Sources */,
				4AFF8999DAE44B328FC6B806 /* AFSecurityPolicy.m in Sources */,
				DBA07B9A795C431F9243E521 /* AFURLRequestSerialization.m in Sources */,
				9C3613EF81474533970C6137 /* AFURLResponseSerialization.m in Sources */,
				E2493A90C0644A57BC839A14 /* AFURLSessionManager.m in Sources */,
				FD40D40A648E4B33A0F8E963 /* APPBadge.m in Sources */,
				3E66D4F61ADA4369976ABA62 /* CDVDevice.m in Sources */,
				4F78058F057B49F9BE0623B4 /* FCMPlugin.m in Sources */,
				B8D0ED03C27549E49531CD96 /* AppDelegate+FCMPlugin.m in Sources */,
				9599EEA3AC1044BAA0BE460A /* CDVWKWebViewEngine.m in Sources */,
				A6C140CB28CC429FA3E1313A /* CDVWKWebViewUIDelegate.m in Sources */,
				651E8CA8492D4642889DFA19 /* CDVWKProcessPoolFactory.m in Sources */,
				F55F98DC42A74752917B2780 /* GCDWebServer.m in Sources */,
				D8B1BA1D337749B5A3E2A8AC /* GCDWebServerConnection.m in Sources */,
				7165E60261144BFEB992170D /* GCDWebServerFunctions.m in Sources */,
				45A901F81E244F7CB5C67A36 /* GCDWebServerRequest.m in Sources */,
				5FF37E9894A848CEABA58F1D /* GCDWebServerResponse.m in Sources */,
				93DC90734FC54CB8BF81D98A /* GCDWebServerDataRequest.m in Sources */,
				8F633BCF707540B9BFC0D9A7 /* GCDWebServerFileRequest.m in Sources */,
				AF9C4221758447C88C844271 /* GCDWebServerMultiPartFormRequest.m in Sources */,
				A200BDC5103C487A8067DC00 /* GCDWebServerURLEncodedFormRequest.m in Sources */,
				9AF028B976F7467A9976A0BB /* GCDWebServerDataResponse.m in Sources */,
				7C7BF0FD71784C9696A184D5 /* GCDWebServerErrorResponse.m in Sources */,
				7EDCFFF82E0F4A2180D48DE9 /* GCDWebServerFileResponse.m in Sources */,
				32529B34FB97449FB3BE7A4A /* GCDWebServerStreamedResponse.m in Sources */,
				17CA93A27D7047A3AD32CCF0 /* APPLocalNotification.m in Sources */,
				5478AA47F5734D91933BA7A3 /* APPNotificationContent.m in Sources */,
				534B1A3CB832494484C9881E /* APPNotificationOptions.m in Sources */,
				36DC47B3455246C1859D6CBF /* UNUserNotificationCenter+APPLocalNotification.m in Sources */,
				49CA277FC6DC47069F43B8F6 /* UNNotificationRequest+APPLocalNotification.m in Sources */,
				0D4EE6E385FF4A4B98B56643 /* CDVSplashScreen.m in Sources */,
				C6B636B3878A45AAA5EA1D91 /* CDVViewController+SplashScreen.m in Sources */,
				D73AA0CF060F4CCBA21B02CA /* IonicKeyboard.m in Sources */,
				9E9FF6CBDEC941D7B6B7BBF3 /* OneSignalPush.m in Sources */,
				20F8BCCCA4BA4211941C2450 /* AppDelegate+notification.m in Sources */,
				204B3F921FE847009F53E668 /* PushPlugin.m in Sources */,
			);
			runOnlyForDeploymentPostprocessing = 0;
		};
/* End PBXSourcesBuildPhase section */

/* Begin PBXTargetDependency section */
		301BF551109A68C00062928A /* PBXTargetDependency */ = {
			isa = PBXTargetDependency;
			name = CordovaLib;
			targetProxy = 301BF550109A68C00062928A /* PBXContainerItemProxy */;
		};
/* End PBXTargetDependency section */

/* Begin XCBuildConfiguration section */
		1D6058940D05DD3E006BFB54 /* Debug */ = {
			isa = XCBuildConfiguration;
			baseConfigurationReference = 3047A50F1AB8059700498E2A /* build-debug.xcconfig */;
			buildSettings = {
				ALWAYS_SEARCH_USER_PATHS = NO;
				ASSETCATALOG_COMPILER_APPICON_NAME = AppIcon;
				ASSETCATALOG_COMPILER_LAUNCHIMAGE_NAME = LaunchImage;
				CLANG_ENABLE_MODULES = YES;
				CLANG_ENABLE_OBJC_ARC = YES;
				COPY_PHASE_STRIP = NO;
				GCC_DYNAMIC_NO_PIC = NO;
				GCC_OPTIMIZATION_LEVEL = 0;
				GCC_PRECOMPILE_PREFIX_HEADER = YES;
				GCC_PREFIX_HEADER = "CFM/CFM-Prefix.pch";
				GCC_THUMB_SUPPORT = NO;
				GCC_VERSION = "";
				INFOPLIST_FILE = "CFM/CFM-Info.plist";
				IPHONEOS_DEPLOYMENT_TARGET = 9.0;
				LD_RUNPATH_SEARCH_PATHS = "@executable_path/Frameworks";
				TARGETED_DEVICE_FAMILY = "1,2";
				PRODUCT_NAME = "CFM";
				FRAMEWORK_SEARCH_PATHS = (
					"$(inherited)",
					"\"CFM/Plugins/cordova-plugin-fcm\"",
					"\"CFM/Plugins/cordova-plugin-fcm\"",
					"\"CFM/Plugins/cordova-plugin-fcm\"",
					"\"CFM/Plugins/cordova-plugin-fcm\"",
					"\"CFM/Plugins/cordova-plugin-fcm\"",
					"\"CFM/Plugins/cordova-plugin-fcm\"",
					"\"CFM/Plugins/cordova-plugin-fcm\"",
					"\"CFM/Plugins/cordova-plugin-fcm\"",
				);
			};
			name = Debug;
		};
		1D6058950D05DD3E006BFB54 /* Release */ = {
			isa = XCBuildConfiguration;
			baseConfigurationReference = 3047A5101AB8059700498E2A /* build-release.xcconfig */;
			buildSettings = {
				ALWAYS_SEARCH_USER_PATHS = NO;
				ASSETCATALOG_COMPILER_APPICON_NAME = AppIcon;
				ASSETCATALOG_COMPILER_LAUNCHIMAGE_NAME = LaunchImage;
				CLANG_ENABLE_MODULES = YES;
				CLANG_ENABLE_OBJC_ARC = YES;
				COPY_PHASE_STRIP = YES;
				GCC_PRECOMPILE_PREFIX_HEADER = YES;
				GCC_PREFIX_HEADER = "CFM/CFM-Prefix.pch";
				GCC_THUMB_SUPPORT = NO;
				GCC_VERSION = "";
				INFOPLIST_FILE = "CFM/CFM-Info.plist";
				IPHONEOS_DEPLOYMENT_TARGET = 9.0;
				LD_RUNPATH_SEARCH_PATHS = "@executable_path/Frameworks";
				TARGETED_DEVICE_FAMILY = "1,2";
				PRODUCT_NAME = "CFM";
				FRAMEWORK_SEARCH_PATHS = (
					"$(inherited)",
					"\"CFM/Plugins/cordova-plugin-fcm\"",
					"\"CFM/Plugins/cordova-plugin-fcm\"",
					"\"CFM/Plugins/cordova-plugin-fcm\"",
					"\"CFM/Plugins/cordova-plugin-fcm\"",
					"\"CFM/Plugins/cordova-plugin-fcm\"",
					"\"CFM/Plugins/cordova-plugin-fcm\"",
					"\"CFM/Plugins/cordova-plugin-fcm\"",
					"\"CFM/Plugins/cordova-plugin-fcm\"",
				);
			};
			name = Release;
		};
		C01FCF4F08A954540054247B /* Debug */ = {
			isa = XCBuildConfiguration;
			baseConfigurationReference = 3047A5111AB8059700498E2A /* build.xcconfig */;
			buildSettings = {
				CLANG_ENABLE_MODULES = YES;
				CLANG_ENABLE_OBJC_ARC = YES;
				CLANG_WARN_BOOL_CONVERSION = YES;
				CLANG_WARN_CONSTANT_CONVERSION = YES;
				CLANG_WARN_EMPTY_BODY = YES;
				CLANG_WARN_ENUM_CONVERSION = YES;
				CLANG_WARN_INT_CONVERSION = YES;
				CLANG_WARN__DUPLICATE_METHOD_MATCH = YES;
				GCC_C_LANGUAGE_STANDARD = c99;
				GCC_THUMB_SUPPORT = NO;
				GCC_VERSION = "";
				GCC_WARN_ABOUT_RETURN_TYPE = YES;
				GCC_WARN_UNDECLARED_SELECTOR = YES;
				GCC_WARN_UNINITIALIZED_AUTOS = YES;
				GCC_WARN_UNUSED_FUNCTION = YES;
				GCC_WARN_UNUSED_VARIABLE = YES;
				ONLY_ACTIVE_ARCH = YES;
				SDKROOT = iphoneos;
				SKIP_INSTALL = NO;
			};
			name = Debug;
		};
		C01FCF5008A954540054247B /* Release */ = {
			isa = XCBuildConfiguration;
			baseConfigurationReference = 3047A5111AB8059700498E2A /* build.xcconfig */;
			buildSettings = {
				CLANG_ENABLE_MODULES = YES;
				CLANG_ENABLE_OBJC_ARC = YES;
				CLANG_WARN_BOOL_CONVERSION = YES;
				CLANG_WARN_CONSTANT_CONVERSION = YES;
				CLANG_WARN_EMPTY_BODY = YES;
				CLANG_WARN_ENUM_CONVERSION = YES;
				CLANG_WARN_INT_CONVERSION = YES;
				CLANG_WARN__DUPLICATE_METHOD_MATCH = YES;
				GCC_C_LANGUAGE_STANDARD = c99;
				GCC_THUMB_SUPPORT = NO;
				GCC_VERSION = "";
				GCC_WARN_ABOUT_RETURN_TYPE = YES;
				GCC_WARN_UNDECLARED_SELECTOR = YES;
				GCC_WARN_UNINITIALIZED_AUTOS = YES;
				GCC_WARN_UNUSED_FUNCTION = YES;
				GCC_WARN_UNUSED_VARIABLE = YES;
				SDKROOT = iphoneos;
				SKIP_INSTALL = NO;
			};
			name = Release;
		};
/* End XCBuildConfiguration section */

/* Begin XCConfigurationList section */
		1D6058960D05DD3E006BFB54 /* Build configuration list for PBXNativeTarget "CFM" */ = {
			isa = XCConfigurationList;
			buildConfigurations = (
				1D6058940D05DD3E006BFB54 /* Debug */,
				1D6058950D05DD3E006BFB54 /* Release */,
			);
			defaultConfigurationIsVisible = 0;
			defaultConfigurationName = Release;
		};
		C01FCF4E08A954540054247B /* Build configuration list for PBXProject "__NON-CLI__" */ = {
			isa = XCConfigurationList;
			buildConfigurations = (
				C01FCF4F08A954540054247B /* Debug */,
				C01FCF5008A954540054247B /* Release */,
			);
			defaultConfigurationIsVisible = 0;
			defaultConfigurationName = Release;
		};
/* End XCConfigurationList section */
	};
	rootObject = 29B97313FDCFA39411CA2CEA /* Project object */;
}
